PODS:
  - AdvancedFoundation (1.6.3)
  - Nimble (8.1.2)
  - Quick (3.1.2)

DEPENDENCIES:
  - AdvancedFoundation (= 1.6.3)
  - Nimble (= 8.1.2)
  - Quick (= 3.1.2)

SPEC REPOS:
  https://github.com/adamaszhu/AdvancedFoundationSpecs.git:
    - AdvancedFoundation
  trunk:
    - Nimble
    - Quick

SPEC CHECKSUMS:
  AdvancedFoundation: 1ae619f2e5c9239131b381744cf3884f3d30407e
  Nimble: 3864815b4703c7ebffba875973c70e854489fbae
  Quick: 60f0ea3b8e0cfc0df3259a5c06a238ad8b3c46e0

PODFILE CHECKSUM: 893c8cc66264d75b00bb555f12a0f81bcf5167eb

COCOAPODS: 1.10.0
