PODS:
  - AdvancedFoundation (1.6.5)
  - Nimble (8.1.2)
  - Quick (3.1.2)

DEPENDENCIES:
  - AdvancedFoundation (~> 1.6.5)
  - Nimble (= 8.1.2)
  - Quick (= 3.1.2)

SPEC REPOS:
  https://github.com/adamaszhu/AdvancedFoundationSpecs.git:
    - AdvancedFoundation
  trunk:
    - Nimble
    - Quick

SPEC CHECKSUMS:
  AdvancedFoundation: a5a900b3e43c3e8fa8b06a601e5e1aa44335c0aa
  Nimble: 3864815b4703c7ebffba875973c70e854489fbae
  Quick: 60f0ea3b8e0cfc0df3259a5c06a238ad8b3c46e0

PODFILE CHECKSUM: f8730c00cbb8bb5bd77664321e0e39265b6684aa

COCOAPODS: 1.10.0
