// !$*UTF8*$!
{
	archiveVersion = 1;
	classes = {
	};
	objectVersion = 46;
	objects = {

/* Begin PBXBuildFile section */
		1753AF0D171584EB52D532B7 /* Pods_AdvancedUIKitTests.framework in Frameworks */ = {isa = PBXBuildFile; fileRef = EBB5211EA877ED62CA30076E /* Pods_AdvancedUIKitTests.framework */; };
		2814AEDA1EE144B2007745EF /* NotificationViewController.swift in Sources */ = {isa = PBXBuildFile; fileRef = 2814AED91EE144B2007745EF /* NotificationViewController.swift */; };
		2822A3361EE0EC8200FAA8E3 /* ViewController+Navigation.swift in Sources */ = {isa = PBXBuildFile; fileRef = 2822A3351EE0EC8200FAA8E3 /* ViewController+Navigation.swift */; };
		2822A3391EE0EE2600FAA8E3 /* NavigationBar.swift in Sources */ = {isa = PBXBuildFile; fileRef = 2822A3371EE0EE2600FAA8E3 /* NavigationBar.swift */; };
		2822A33A1EE0EE2600FAA8E3 /* NavigationController+Storyboard.swift in Sources */ = {isa = PBXBuildFile; fileRef = 2822A3381EE0EE2600FAA8E3 /* NavigationController+Storyboard.swift */; };
		2822A33F1EE127EA00FAA8E3 /* NotificationHelper.swift in Sources */ = {isa = PBXBuildFile; fileRef = 2822A33C1EE127EA00FAA8E3 /* NotificationHelper.swift */; };
		2822A3411EE127EA00FAA8E3 /* NotificationHelperDelegate.swift in Sources */ = {isa = PBXBuildFile; fileRef = 2822A33E1EE127EA00FAA8E3 /* NotificationHelperDelegate.swift */; };
		2822A3441EE127F900FAA8E3 /* NotificationHelper.strings in Resources */ = {isa = PBXBuildFile; fileRef = 2822A3461EE127F900FAA8E3 /* NotificationHelper.strings */; };
		2822A3491EE135ED00FAA8E3 /* NotificationHelperDelegate+Optional.swift in Sources */ = {isa = PBXBuildFile; fileRef = 2822A3481EE135ED00FAA8E3 /* NotificationHelperDelegate+Optional.swift */; };
		2838C2CD1EE0DD06004D5BCB /* Ring.aiff in Resources */ = {isa = PBXBuildFile; fileRef = 2838C2CC1EE0DD06004D5BCB /* Ring.aiff */; };
		2838C2D01EE0DD89004D5BCB /* AudioViewController.swift in Sources */ = {isa = PBXBuildFile; fileRef = 2838C2CF1EE0DD89004D5BCB /* AudioViewController.swift */; };
		2846A98C1EE7B064007D4226 /* LocationViewController.swift in Sources */ = {isa = PBXBuildFile; fileRef = 2846A98B1EE7B064007D4226 /* LocationViewController.swift */; };
		2846A98E1EE7B1EE007D4226 /* LocationViewController+LocationHelperDelegate.swift in Sources */ = {isa = PBXBuildFile; fileRef = 2846A98D1EE7B1EE007D4226 /* LocationViewController+LocationHelperDelegate.swift */; };
		2846A9901EE7B22D007D4226 /* LocationHelperDelegate+Optional.swift in Sources */ = {isa = PBXBuildFile; fileRef = 2846A98F1EE7B22D007D4226 /* LocationHelperDelegate+Optional.swift */; };
		2846A9931EE7B8CC007D4226 /* LocationHelper.strings in Resources */ = {isa = PBXBuildFile; fileRef = 2846A9951EE7B8CC007D4226 /* LocationHelper.strings */; };
		2846A99E1EE7C0FA007D4226 /* ExpandableMapView.swift in Sources */ = {isa = PBXBuildFile; fileRef = 2846A9981EE7C0FA007D4226 /* ExpandableMapView.swift */; };
		2846A99F1EE7C0FA007D4226 /* MapView+Localization.swift in Sources */ = {isa = PBXBuildFile; fileRef = 2846A9991EE7C0FA007D4226 /* MapView+Localization.swift */; };
		2846A9A01EE7C0FA007D4226 /* MapView.swift in Sources */ = {isa = PBXBuildFile; fileRef = 2846A99A1EE7C0FA007D4226 /* MapView.swift */; };
		2846A9A11EE7C0FA007D4226 /* MapViewDelegate.swift in Sources */ = {isa = PBXBuildFile; fileRef = 2846A99B1EE7C0FA007D4226 /* MapViewDelegate.swift */; };
		2846A9A21EE7C0FA007D4226 /* MapViewLine.swift in Sources */ = {isa = PBXBuildFile; fileRef = 2846A99C1EE7C0FA007D4226 /* MapViewLine.swift */; };
		2846A9A31EE7C0FA007D4226 /* MapViewPoint.swift in Sources */ = {isa = PBXBuildFile; fileRef = 2846A99D1EE7C0FA007D4226 /* MapViewPoint.swift */; };
		284E5C451EDD103400C3CC86 /* MessageHelper.strings in Resources */ = {isa = PBXBuildFile; fileRef = 284E5C471EDD103400C3CC86 /* MessageHelper.strings */; };
		284E5C501EDD104C00C3CC86 /* CustomizedMessageHelper.swift in Sources */ = {isa = PBXBuildFile; fileRef = 284E5C491EDD104C00C3CC86 /* CustomizedMessageHelper.swift */; };
		284E5C531EDD104C00C3CC86 /* SystemMessageHelper.swift in Sources */ = {isa = PBXBuildFile; fileRef = 284E5C4C1EDD104C00C3CC86 /* SystemMessageHelper.swift */; };
		284E5C551EDD104C00C3CC86 /* MessageHelperDelegate.swift in Sources */ = {isa = PBXBuildFile; fileRef = 284E5C4E1EDD104C00C3CC86 /* MessageHelperDelegate.swift */; };
		284E5C561EDD104C00C3CC86 /* MessageType.swift in Sources */ = {isa = PBXBuildFile; fileRef = 284E5C4F1EDD104C00C3CC86 /* MessageType.swift */; };
		284E5C581EDD17C200C3CC86 /* MessageHelperDelegate+Optional.swift in Sources */ = {isa = PBXBuildFile; fileRef = 284E5C571EDD17C200C3CC86 /* MessageHelperDelegate+Optional.swift */; };
		284E5C5B1EDD337500C3CC86 /* MessageViewController.swift in Sources */ = {isa = PBXBuildFile; fileRef = 284E5C5A1EDD337500C3CC86 /* MessageViewController.swift */; };
		284E5C5D1EDD36BF00C3CC86 /* MessageViewController+MessageHelperDelegate.swift in Sources */ = {isa = PBXBuildFile; fileRef = 284E5C5C1EDD36BF00C3CC86 /* MessageViewController+MessageHelperDelegate.swift */; };
		284E5C5F1EDD426400C3CC86 /* PopupView.swift in Sources */ = {isa = PBXBuildFile; fileRef = 284E5C5E1EDD426400C3CC86 /* PopupView.swift */; };
		2862143E1EE62A0E00ED3290 /* KeyboardHelper+Pusher.swift in Sources */ = {isa = PBXBuildFile; fileRef = 2862143D1EE62A0E00ED3290 /* KeyboardHelper+Pusher.swift */; };
		289D5FEC1EDF92DB00203DE2 /* TextField+Attribute.swift in Sources */ = {isa = PBXBuildFile; fileRef = 289D5FEA1EDF92DB00203DE2 /* TextField+Attribute.swift */; };
		289D5FED1EDF92DB00203DE2 /* TextField+Dynamic.swift in Sources */ = {isa = PBXBuildFile; fileRef = 289D5FEB1EDF92DB00203DE2 /* TextField+Dynamic.swift */; };
		289D5FF11EDF9A9F00203DE2 /* Button+Attribute.swift in Sources */ = {isa = PBXBuildFile; fileRef = 289D5FF01EDF9A9F00203DE2 /* Button+Attribute.swift */; };
		28B1D8081EE50E8A00A5B2C4 /* KeyboardViewController.swift in Sources */ = {isa = PBXBuildFile; fileRef = 28B1D8071EE50E8A00A5B2C4 /* KeyboardViewController.swift */; };
		28B1D80A1EE5135500A5B2C4 /* TextField+Underline.swift in Sources */ = {isa = PBXBuildFile; fileRef = 28B1D8091EE5135500A5B2C4 /* TextField+Underline.swift */; };
		28B1D80E1EE519DF00A5B2C4 /* UnderlineView.swift in Sources */ = {isa = PBXBuildFile; fileRef = 28B1D80D1EE519DF00A5B2C4 /* UnderlineView.swift */; };
		28B1D8101EE52D9700A5B2C4 /* KeyboardHelper+ActionFilterViewDelegate.swift in Sources */ = {isa = PBXBuildFile; fileRef = 28B1D80F1EE52D9700A5B2C4 /* KeyboardHelper+ActionFilterViewDelegate.swift */; };
		28D1BFF11EDCE0F100290999 /* DeviceViewController.swift in Sources */ = {isa = PBXBuildFile; fileRef = 28D1BFF01EDCE0F100290999 /* DeviceViewController.swift */; };
		28D1BFF71EDCEC7300290999 /* AdvancedUIKit.framework in Frameworks */ = {isa = PBXBuildFile; fileRef = 422DB3C41EAA30B300377AB5 /* AdvancedUIKit.framework */; };
		28D1BFF81EDCEC7300290999 /* AdvancedUIKit.framework in Embed Frameworks */ = {isa = PBXBuildFile; fileRef = 422DB3C41EAA30B300377AB5 /* AdvancedUIKit.framework */; settings = {ATTRIBUTES = (CodeSignOnCopy, RemoveHeadersOnCopy, ); }; };
		28D1BFFD1EDCF1B900290999 /* DeviceViewController+DeviceHelperDelegate.swift in Sources */ = {isa = PBXBuildFile; fileRef = 28D1BFFC1EDCF1B900290999 /* DeviceViewController+DeviceHelperDelegate.swift */; };
		28D1BFFF1EDCF21E00290999 /* PickerViewController+DataPickerDelegate.swift in Sources */ = {isa = PBXBuildFile; fileRef = 28D1BFFE1EDCF21E00290999 /* PickerViewController+DataPickerDelegate.swift */; };
		28D1C0021EDCF3EF00290999 /* MainViewController.swift in Sources */ = {isa = PBXBuildFile; fileRef = 28D1C0011EDCF3EF00290999 /* MainViewController.swift */; };
		28D1C0041EDCF42A00290999 /* MainViewController+TableViewDataSource.swift in Sources */ = {isa = PBXBuildFile; fileRef = 28D1C0031EDCF42A00290999 /* MainViewController+TableViewDataSource.swift */; };
		28D1C0061EDCF43700290999 /* MainViewController+TableViewDelegate.swift in Sources */ = {isa = PBXBuildFile; fileRef = 28D1C0051EDCF43700290999 /* MainViewController+TableViewDelegate.swift */; };
		28D1C0081EDCF5E100290999 /* FeatureTableCell.swift in Sources */ = {isa = PBXBuildFile; fileRef = 28D1C0071EDCF5E100290999 /* FeatureTableCell.swift */; };
		28D1C00A1EDCF62900290999 /* Feature.swift in Sources */ = {isa = PBXBuildFile; fileRef = 28D1C0091EDCF62900290999 /* Feature.swift */; };
		28E66FE91EE4CF0F00073DF1 /* TextFieldViewController.swift in Sources */ = {isa = PBXBuildFile; fileRef = 28E66FE81EE4CF0F00073DF1 /* TextFieldViewController.swift */; };
		28E66FEB1EE4D06600073DF1 /* ViewViewController.swift in Sources */ = {isa = PBXBuildFile; fileRef = 28E66FEA1EE4D06600073DF1 /* ViewViewController.swift */; };
		28E66FF11EE4E4C100073DF1 /* ActionFilterView.swift in Sources */ = {isa = PBXBuildFile; fileRef = 28E66FED1EE4E4C100073DF1 /* ActionFilterView.swift */; };
		28E66FF21EE4E4C100073DF1 /* ActionFilterViewDelegate.swift in Sources */ = {isa = PBXBuildFile; fileRef = 28E66FEE1EE4E4C100073DF1 /* ActionFilterViewDelegate.swift */; };
		28E66FF31EE4E4C100073DF1 /* KeyboardHelper.swift in Sources */ = {isa = PBXBuildFile; fileRef = 28E66FEF1EE4E4C100073DF1 /* KeyboardHelper.swift */; };
		28E66FF41EE4E4C100073DF1 /* KeyboardHelperDelegate.swift in Sources */ = {isa = PBXBuildFile; fileRef = 28E66FF01EE4E4C100073DF1 /* KeyboardHelperDelegate.swift */; };
		28E66FF61EE4E57200073DF1 /* KeyboardHelperDelegate+Optional.swift in Sources */ = {isa = PBXBuildFile; fileRef = 28E66FF51EE4E57200073DF1 /* KeyboardHelperDelegate+Optional.swift */; };
		28E66FF81EE4E9B000073DF1 /* KeyboardHelper+UITextFieldDelegate.swift in Sources */ = {isa = PBXBuildFile; fileRef = 28E66FF71EE4E9B000073DF1 /* KeyboardHelper+UITextFieldDelegate.swift */; };
		28E66FFA1EE4EA5D00073DF1 /* KeyboardHelper+UISearchBarDelegate.swift in Sources */ = {isa = PBXBuildFile; fileRef = 28E66FF91EE4EA5D00073DF1 /* KeyboardHelper+UISearchBarDelegate.swift */; };
		28F350AB1EE793E5005120B1 /* LocationHelper+LocationManagerDelegate.swift in Sources */ = {isa = PBXBuildFile; fileRef = 28F350A81EE793E5005120B1 /* LocationHelper+LocationManagerDelegate.swift */; };
		28F350AC1EE793E5005120B1 /* LocationHelper.swift in Sources */ = {isa = PBXBuildFile; fileRef = 28F350A91EE793E5005120B1 /* LocationHelper.swift */; };
		28F350AD1EE793E5005120B1 /* LocationHelperDelegate.swift in Sources */ = {isa = PBXBuildFile; fileRef = 28F350AA1EE793E5005120B1 /* LocationHelperDelegate.swift */; };
		28F550F31EDBF49D006646A3 /* DeviceInfoAccessor.swift in Sources */ = {isa = PBXBuildFile; fileRef = 28F550F11EDBF49D006646A3 /* DeviceInfoAccessor.swift */; };
		28F550F41EDBF49D006646A3 /* DeviceType.swift in Sources */ = {isa = PBXBuildFile; fileRef = 28F550F21EDBF49D006646A3 /* DeviceType.swift */; };
		422DB4091EAA3CF100377AB5 /* AppDelegate.swift in Sources */ = {isa = PBXBuildFile; fileRef = 422DB4081EAA3CF100377AB5 /* AppDelegate.swift */; };
		422DB4101EAA3CF100377AB5 /* Assets.xcassets in Resources */ = {isa = PBXBuildFile; fileRef = 422DB40F1EAA3CF100377AB5 /* Assets.xcassets */; };
		422DB42A1EAA3D2A00377AB5 /* Info.plist in Resources */ = {isa = PBXBuildFile; fileRef = 422DB4281EAA3D2A00377AB5 /* Info.plist */; };
		425DCD121EB357A800A0ED26 /* View+Animation.swift in Sources */ = {isa = PBXBuildFile; fileRef = 425DCD111EB357A800A0ED26 /* View+Animation.swift */; };
		425DCD141EB3689000A0ED26 /* View+Gesture.swift in Sources */ = {isa = PBXBuildFile; fileRef = 425DCD131EB3689000A0ED26 /* View+Gesture.swift */; };
		425DCD161EB36EA100A0ED26 /* String+Localizer.swift in Sources */ = {isa = PBXBuildFile; fileRef = 425DCD151EB36EA100A0ED26 /* String+Localizer.swift */; };
		425EAD4D1EAC6EDB001F1F81 /* RootView.swift in Sources */ = {isa = PBXBuildFile; fileRef = 425EAD4C1EAC6EDB001F1F81 /* RootView.swift */; };
		4266037C1EE576EF00B74C3E /* KeyboardViewController+KeyboardHelperDelegate.swift in Sources */ = {isa = PBXBuildFile; fileRef = 4266037B1EE576EF00B74C3E /* KeyboardViewController+KeyboardHelperDelegate.swift */; };
		426939761EAB01CD00761FDE /* Label+Dynamic.swift in Sources */ = {isa = PBXBuildFile; fileRef = 426939751EAB01CD00761FDE /* Label+Dynamic.swift */; };
		426939791EAB151400761FDE /* LabelViewController.swift in Sources */ = {isa = PBXBuildFile; fileRef = 426939781EAB151400761FDE /* LabelViewController.swift */; };
		4269397C1EAB253700761FDE /* String+Measurer.swift in Sources */ = {isa = PBXBuildFile; fileRef = 4269397B1EAB253700761FDE /* String+Measurer.swift */; };
		4269397F1EAB43A400761FDE /* String+Helper.swift in Sources */ = {isa = PBXBuildFile; fileRef = 4269397E1EAB43A400761FDE /* String+Helper.swift */; };
		426939831EAB65A800761FDE /* PickerViewController.swift in Sources */ = {isa = PBXBuildFile; fileRef = 426939821EAB65A800761FDE /* PickerViewController.swift */; };
		426939851EAB673E00761FDE /* DataPicker.swift in Sources */ = {isa = PBXBuildFile; fileRef = 426939841EAB673E00761FDE /* DataPicker.swift */; };
		426939871EAB675500761FDE /* DataPicker+PickerViewDataSource.swift in Sources */ = {isa = PBXBuildFile; fileRef = 426939861EAB675500761FDE /* DataPicker+PickerViewDataSource.swift */; };
		426939891EAB676300761FDE /* DataPicker+PickerViewDelegate.swift in Sources */ = {isa = PBXBuildFile; fileRef = 426939881EAB676300761FDE /* DataPicker+PickerViewDelegate.swift */; };
		426939941EAB8EE000761FDE /* DataPicker.strings in Resources */ = {isa = PBXBuildFile; fileRef = 426939961EAB8EE000761FDE /* DataPicker.strings */; };
		426939991EAC43E300761FDE /* DataPickerDelegate.swift in Sources */ = {isa = PBXBuildFile; fileRef = 426939981EAC43E300761FDE /* DataPickerDelegate.swift */; };
		4269399D1EAC478600761FDE /* Logger.swift in Sources */ = {isa = PBXBuildFile; fileRef = 4269399C1EAC478600761FDE /* Logger.swift */; };
		4269399F1EAC4B3100761FDE /* DataPickerItem.swift in Sources */ = {isa = PBXBuildFile; fileRef = 4269399E1EAC4B3100761FDE /* DataPickerItem.swift */; };
		426939A11EAC4C7700761FDE /* DataPickerColumn.swift in Sources */ = {isa = PBXBuildFile; fileRef = 426939A01EAC4C7700761FDE /* DataPickerColumn.swift */; };
		427373E41ED8FFA200DD8891 /* GestureFilterView.swift in Sources */ = {isa = PBXBuildFile; fileRef = 427373E31ED8FFA200DD8891 /* GestureFilterView.swift */; };
		428EAB481EDC16BC006ED22B /* DeviceInfoAccessor+Specs.swift in Sources */ = {isa = PBXBuildFile; fileRef = 428EAB471EDC16BC006ED22B /* DeviceInfoAccessor+Specs.swift */; };
		428EAB5E1EDC4BD3006ED22B /* DeviceHelper.swift in Sources */ = {isa = PBXBuildFile; fileRef = 428EAB5A1EDC4BD3006ED22B /* DeviceHelper.swift */; };
		428EAB5F1EDC4BD3006ED22B /* DeviceHelper+MailComposeViewControllerDelegate.swift in Sources */ = {isa = PBXBuildFile; fileRef = 428EAB5B1EDC4BD3006ED22B /* DeviceHelper+MailComposeViewControllerDelegate.swift */; };
		428EAB601EDC4BD3006ED22B /* DeviceHelperDelegate.swift in Sources */ = {isa = PBXBuildFile; fileRef = 428EAB5C1EDC4BD3006ED22B /* DeviceHelperDelegate.swift */; };
		428EAB611EDC4BD3006ED22B /* DeviceHelperDelegate+Optional.swift in Sources */ = {isa = PBXBuildFile; fileRef = 428EAB5D1EDC4BD3006ED22B /* DeviceHelperDelegate+Optional.swift */; };
		428EAB641EDC4BE3006ED22B /* DeviceHelper.strings in Resources */ = {isa = PBXBuildFile; fileRef = 428EAB661EDC4BE3006ED22B /* DeviceHelper.strings */; };
		42CA09DD1EDEE0D2009AF1BE /* Button+Dynamic.swift in Sources */ = {isa = PBXBuildFile; fileRef = 42CA09DC1EDEE0D2009AF1BE /* Button+Dynamic.swift */; };
		42CA09E21EE0461A009AF1BE /* RingHelper.swift in Sources */ = {isa = PBXBuildFile; fileRef = 42CA09E11EE0461A009AF1BE /* RingHelper.swift */; };
		42CA09E41EE19673009AF1BE /* NotificationViewController+NotificationHelperDelegate.swift in Sources */ = {isa = PBXBuildFile; fileRef = 42CA09E31EE19673009AF1BE /* NotificationViewController+NotificationHelperDelegate.swift */; };
		42CA09E91EE19998009AF1BE /* Label+Localizer.swift in Sources */ = {isa = PBXBuildFile; fileRef = 42CA09E81EE19998009AF1BE /* Label+Localizer.swift */; };
		42CA09ED1EE19E36009AF1BE /* Button+Localizer.swift in Sources */ = {isa = PBXBuildFile; fileRef = 42CA09EC1EE19E36009AF1BE /* Button+Localizer.swift */; };
		42CA09EF1EE19F15009AF1BE /* View+Localizer.swift in Sources */ = {isa = PBXBuildFile; fileRef = 42CA09EE1EE19F15009AF1BE /* View+Localizer.swift */; };
		42CA09F11EE1A1BA009AF1BE /* SegmentedControl+Localizer.swift in Sources */ = {isa = PBXBuildFile; fileRef = 42CA09F01EE1A1BA009AF1BE /* SegmentedControl+Localizer.swift */; };
		42CA09F41EE1A50E009AF1BE /* LocalizationViewController.swift in Sources */ = {isa = PBXBuildFile; fileRef = 42CA09F31EE1A50E009AF1BE /* LocalizationViewController.swift */; };
		42CA09F61EE1A7B0009AF1BE /* Localizable.strings in Resources */ = {isa = PBXBuildFile; fileRef = 42CA09F51EE1A7B0009AF1BE /* Localizable.strings */; };
		42CA09FC1EE23C5C009AF1BE /* LaunchScreen.storyboard in Resources */ = {isa = PBXBuildFile; fileRef = 42CA09FA1EE23C5C009AF1BE /* LaunchScreen.storyboard */; };
		42CA0A021EE23D0F009AF1BE /* Main.storyboard in Resources */ = {isa = PBXBuildFile; fileRef = 42CA0A001EE23D0F009AF1BE /* Main.storyboard */; };
		42CA0A081EE4338A009AF1BE /* ButtonViewController.swift in Sources */ = {isa = PBXBuildFile; fileRef = 42CA0A071EE4338A009AF1BE /* ButtonViewController.swift */; };
		42CA0A0A1EE43752009AF1BE /* NavigationViewController.swift in Sources */ = {isa = PBXBuildFile; fileRef = 42CA0A091EE43752009AF1BE /* NavigationViewController.swift */; };
		42EA08B51EDD76FA00B079C0 /* MessageHelper.swift in Sources */ = {isa = PBXBuildFile; fileRef = 42EA08B41EDD76FA00B079C0 /* MessageHelper.swift */; };
		42EA08B91EDD8E0400B079C0 /* MessageHelper+Constant.swift in Sources */ = {isa = PBXBuildFile; fileRef = 42EA08B81EDD8E0400B079C0 /* MessageHelper+Constant.swift */; };
		42EA08BB1EDD8FE800B079C0 /* SystemMessageHelper+Helper.swift in Sources */ = {isa = PBXBuildFile; fileRef = 42EA08BA1EDD8FE800B079C0 /* SystemMessageHelper+Helper.swift */; };
		42EA08BD1EDD961800B079C0 /* CustomizedMessageHelper+Helper.swift in Sources */ = {isa = PBXBuildFile; fileRef = 42EA08BC1EDD961800B079C0 /* CustomizedMessageHelper+Helper.swift */; };
		42EE74B61EDCC72100AD982A /* FileInfoAccessor.swift in Sources */ = {isa = PBXBuildFile; fileRef = 42EE74B51EDCC72100AD982A /* FileInfoAccessor.swift */; };
/* End PBXBuildFile section */

/* Begin PBXContainerItemProxy section */
		28D1BFF91EDCEC7300290999 /* PBXContainerItemProxy */ = {
			isa = PBXContainerItemProxy;
			containerPortal = 422DB3BB1EAA30B300377AB5 /* Project object */;
			proxyType = 1;
			remoteGlobalIDString = 422DB3C31EAA30B300377AB5;
			remoteInfo = AdvancedUIKit;
		};
		422DB41A1EAA3CF100377AB5 /* PBXContainerItemProxy */ = {
			isa = PBXContainerItemProxy;
			containerPortal = 422DB3BB1EAA30B300377AB5 /* Project object */;
			proxyType = 1;
			remoteGlobalIDString = 422DB4051EAA3CF100377AB5;
			remoteInfo = AdvancedUIKitHost;
		};
/* End PBXContainerItemProxy section */

/* Begin PBXCopyFilesBuildPhase section */
		28D1BFFB1EDCEC7300290999 /* Embed Frameworks */ = {
			isa = PBXCopyFilesBuildPhase;
			buildActionMask = 2147483647;
			dstPath = "";
			dstSubfolderSpec = 10;
			files = (
				28D1BFF81EDCEC7300290999 /* AdvancedUIKit.framework in Embed Frameworks */,
			);
			name = "Embed Frameworks";
			runOnlyForDeploymentPostprocessing = 0;
		};
/* End PBXCopyFilesBuildPhase section */

/* Begin PBXFileReference section */
		2814AED91EE144B2007745EF /* NotificationViewController.swift */ = {isa = PBXFileReference; fileEncoding = 4; lastKnownFileType = sourcecode.swift; path = NotificationViewController.swift; sourceTree = "<group>"; };
		2822A3351EE0EC8200FAA8E3 /* ViewController+Navigation.swift */ = {isa = PBXFileReference; fileEncoding = 4; lastKnownFileType = sourcecode.swift; path = "ViewController+Navigation.swift"; sourceTree = "<group>"; };
		2822A3371EE0EE2600FAA8E3 /* NavigationBar.swift */ = {isa = PBXFileReference; fileEncoding = 4; lastKnownFileType = sourcecode.swift; path = NavigationBar.swift; sourceTree = "<group>"; };
		2822A3381EE0EE2600FAA8E3 /* NavigationController+Storyboard.swift */ = {isa = PBXFileReference; fileEncoding = 4; lastKnownFileType = sourcecode.swift; path = "NavigationController+Storyboard.swift"; sourceTree = "<group>"; };
		2822A33C1EE127EA00FAA8E3 /* NotificationHelper.swift */ = {isa = PBXFileReference; fileEncoding = 4; lastKnownFileType = sourcecode.swift; path = NotificationHelper.swift; sourceTree = "<group>"; };
		2822A33E1EE127EA00FAA8E3 /* NotificationHelperDelegate.swift */ = {isa = PBXFileReference; fileEncoding = 4; lastKnownFileType = sourcecode.swift; path = NotificationHelperDelegate.swift; sourceTree = "<group>"; };
		2822A3451EE127F900FAA8E3 /* en */ = {isa = PBXFileReference; lastKnownFileType = text.plist.strings; name = en; path = en.lproj/NotificationHelper.strings; sourceTree = "<group>"; };
		2822A3471EE127FB00FAA8E3 /* zh-Hans */ = {isa = PBXFileReference; lastKnownFileType = text.plist.strings; name = "zh-Hans"; path = "zh-Hans.lproj/NotificationHelper.strings"; sourceTree = "<group>"; };
		2822A3481EE135ED00FAA8E3 /* NotificationHelperDelegate+Optional.swift */ = {isa = PBXFileReference; fileEncoding = 4; lastKnownFileType = sourcecode.swift; path = "NotificationHelperDelegate+Optional.swift"; sourceTree = "<group>"; };
		2838C2CC1EE0DD06004D5BCB /* Ring.aiff */ = {isa = PBXFileReference; lastKnownFileType = audio.aiff; path = Ring.aiff; sourceTree = "<group>"; };
		2838C2CF1EE0DD89004D5BCB /* AudioViewController.swift */ = {isa = PBXFileReference; fileEncoding = 4; lastKnownFileType = sourcecode.swift; path = AudioViewController.swift; sourceTree = "<group>"; };
		2846A98B1EE7B064007D4226 /* LocationViewController.swift */ = {isa = PBXFileReference; fileEncoding = 4; lastKnownFileType = sourcecode.swift; path = LocationViewController.swift; sourceTree = "<group>"; };
		2846A98D1EE7B1EE007D4226 /* LocationViewController+LocationHelperDelegate.swift */ = {isa = PBXFileReference; fileEncoding = 4; lastKnownFileType = sourcecode.swift; path = "LocationViewController+LocationHelperDelegate.swift"; sourceTree = "<group>"; };
		2846A98F1EE7B22D007D4226 /* LocationHelperDelegate+Optional.swift */ = {isa = PBXFileReference; fileEncoding = 4; lastKnownFileType = sourcecode.swift; path = "LocationHelperDelegate+Optional.swift"; sourceTree = "<group>"; };
		2846A9941EE7B8CC007D4226 /* en */ = {isa = PBXFileReference; lastKnownFileType = text.plist.strings; name = en; path = en.lproj/LocationHelper.strings; sourceTree = "<group>"; };
		2846A9961EE7B8CD007D4226 /* zh-Hans */ = {isa = PBXFileReference; lastKnownFileType = text.plist.strings; name = "zh-Hans"; path = "zh-Hans.lproj/LocationHelper.strings"; sourceTree = "<group>"; };
		2846A9981EE7C0FA007D4226 /* ExpandableMapView.swift */ = {isa = PBXFileReference; fileEncoding = 4; lastKnownFileType = sourcecode.swift; path = ExpandableMapView.swift; sourceTree = "<group>"; };
		2846A9991EE7C0FA007D4226 /* MapView+Localization.swift */ = {isa = PBXFileReference; fileEncoding = 4; lastKnownFileType = sourcecode.swift; path = "MapView+Localization.swift"; sourceTree = "<group>"; };
		2846A99A1EE7C0FA007D4226 /* MapView.swift */ = {isa = PBXFileReference; fileEncoding = 4; lastKnownFileType = sourcecode.swift; path = MapView.swift; sourceTree = "<group>"; };
		2846A99B1EE7C0FA007D4226 /* MapViewDelegate.swift */ = {isa = PBXFileReference; fileEncoding = 4; lastKnownFileType = sourcecode.swift; path = MapViewDelegate.swift; sourceTree = "<group>"; };
		2846A99C1EE7C0FA007D4226 /* MapViewLine.swift */ = {isa = PBXFileReference; fileEncoding = 4; lastKnownFileType = sourcecode.swift; path = MapViewLine.swift; sourceTree = "<group>"; };
		2846A99D1EE7C0FA007D4226 /* MapViewPoint.swift */ = {isa = PBXFileReference; fileEncoding = 4; lastKnownFileType = sourcecode.swift; path = MapViewPoint.swift; sourceTree = "<group>"; };
		284E5C461EDD103400C3CC86 /* en */ = {isa = PBXFileReference; lastKnownFileType = text.plist.strings; name = en; path = en.lproj/MessageHelper.strings; sourceTree = "<group>"; };
		284E5C481EDD103600C3CC86 /* zh-Hans */ = {isa = PBXFileReference; lastKnownFileType = text.plist.strings; name = "zh-Hans"; path = "zh-Hans.lproj/MessageHelper.strings"; sourceTree = "<group>"; };
		284E5C491EDD104C00C3CC86 /* CustomizedMessageHelper.swift */ = {isa = PBXFileReference; fileEncoding = 4; lastKnownFileType = sourcecode.swift; path = CustomizedMessageHelper.swift; sourceTree = "<group>"; };
		284E5C4C1EDD104C00C3CC86 /* SystemMessageHelper.swift */ = {isa = PBXFileReference; fileEncoding = 4; lastKnownFileType = sourcecode.swift; path = SystemMessageHelper.swift; sourceTree = "<group>"; };
		284E5C4E1EDD104C00C3CC86 /* MessageHelperDelegate.swift */ = {isa = PBXFileReference; fileEncoding = 4; lastKnownFileType = sourcecode.swift; path = MessageHelperDelegate.swift; sourceTree = "<group>"; };
		284E5C4F1EDD104C00C3CC86 /* MessageType.swift */ = {isa = PBXFileReference; fileEncoding = 4; lastKnownFileType = sourcecode.swift; path = MessageType.swift; sourceTree = "<group>"; };
		284E5C571EDD17C200C3CC86 /* MessageHelperDelegate+Optional.swift */ = {isa = PBXFileReference; fileEncoding = 4; lastKnownFileType = sourcecode.swift; path = "MessageHelperDelegate+Optional.swift"; sourceTree = "<group>"; };
		284E5C5A1EDD337500C3CC86 /* MessageViewController.swift */ = {isa = PBXFileReference; fileEncoding = 4; lastKnownFileType = sourcecode.swift; path = MessageViewController.swift; sourceTree = "<group>"; };
		284E5C5C1EDD36BF00C3CC86 /* MessageViewController+MessageHelperDelegate.swift */ = {isa = PBXFileReference; fileEncoding = 4; lastKnownFileType = sourcecode.swift; path = "MessageViewController+MessageHelperDelegate.swift"; sourceTree = "<group>"; };
		284E5C5E1EDD426400C3CC86 /* PopupView.swift */ = {isa = PBXFileReference; fileEncoding = 4; lastKnownFileType = sourcecode.swift; path = PopupView.swift; sourceTree = "<group>"; };
		2862143D1EE62A0E00ED3290 /* KeyboardHelper+Pusher.swift */ = {isa = PBXFileReference; fileEncoding = 4; lastKnownFileType = sourcecode.swift; path = "KeyboardHelper+Pusher.swift"; sourceTree = "<group>"; };
		289D5FEA1EDF92DB00203DE2 /* TextField+Attribute.swift */ = {isa = PBXFileReference; fileEncoding = 4; lastKnownFileType = sourcecode.swift; path = "TextField+Attribute.swift"; sourceTree = "<group>"; };
		289D5FEB1EDF92DB00203DE2 /* TextField+Dynamic.swift */ = {isa = PBXFileReference; fileEncoding = 4; lastKnownFileType = sourcecode.swift; path = "TextField+Dynamic.swift"; sourceTree = "<group>"; };
		289D5FF01EDF9A9F00203DE2 /* Button+Attribute.swift */ = {isa = PBXFileReference; fileEncoding = 4; lastKnownFileType = sourcecode.swift; path = "Button+Attribute.swift"; sourceTree = "<group>"; };
		28B1D8071EE50E8A00A5B2C4 /* KeyboardViewController.swift */ = {isa = PBXFileReference; fileEncoding = 4; lastKnownFileType = sourcecode.swift; path = KeyboardViewController.swift; sourceTree = "<group>"; };
		28B1D8091EE5135500A5B2C4 /* TextField+Underline.swift */ = {isa = PBXFileReference; fileEncoding = 4; lastKnownFileType = sourcecode.swift; name = "TextField+Underline.swift"; path = "AdvancedUIKit/Textfield/TextField+Underline.swift"; sourceTree = SOURCE_ROOT; };
		28B1D80D1EE519DF00A5B2C4 /* UnderlineView.swift */ = {isa = PBXFileReference; fileEncoding = 4; lastKnownFileType = sourcecode.swift; name = UnderlineView.swift; path = AdvancedUIKit/Textfield/UnderlineView.swift; sourceTree = SOURCE_ROOT; };
		28B1D80F1EE52D9700A5B2C4 /* KeyboardHelper+ActionFilterViewDelegate.swift */ = {isa = PBXFileReference; fileEncoding = 4; lastKnownFileType = sourcecode.swift; path = "KeyboardHelper+ActionFilterViewDelegate.swift"; sourceTree = "<group>"; };
		28D1BFF01EDCE0F100290999 /* DeviceViewController.swift */ = {isa = PBXFileReference; fileEncoding = 4; lastKnownFileType = sourcecode.swift; path = DeviceViewController.swift; sourceTree = "<group>"; };
		28D1BFFC1EDCF1B900290999 /* DeviceViewController+DeviceHelperDelegate.swift */ = {isa = PBXFileReference; fileEncoding = 4; lastKnownFileType = sourcecode.swift; path = "DeviceViewController+DeviceHelperDelegate.swift"; sourceTree = "<group>"; };
		28D1BFFE1EDCF21E00290999 /* PickerViewController+DataPickerDelegate.swift */ = {isa = PBXFileReference; fileEncoding = 4; lastKnownFileType = sourcecode.swift; path = "PickerViewController+DataPickerDelegate.swift"; sourceTree = "<group>"; };
		28D1C0011EDCF3EF00290999 /* MainViewController.swift */ = {isa = PBXFileReference; fileEncoding = 4; lastKnownFileType = sourcecode.swift; path = MainViewController.swift; sourceTree = "<group>"; };
		28D1C0031EDCF42A00290999 /* MainViewController+TableViewDataSource.swift */ = {isa = PBXFileReference; fileEncoding = 4; lastKnownFileType = sourcecode.swift; path = "MainViewController+TableViewDataSource.swift"; sourceTree = "<group>"; };
		28D1C0051EDCF43700290999 /* MainViewController+TableViewDelegate.swift */ = {isa = PBXFileReference; fileEncoding = 4; lastKnownFileType = sourcecode.swift; path = "MainViewController+TableViewDelegate.swift"; sourceTree = "<group>"; };
		28D1C0071EDCF5E100290999 /* FeatureTableCell.swift */ = {isa = PBXFileReference; fileEncoding = 4; lastKnownFileType = sourcecode.swift; path = FeatureTableCell.swift; sourceTree = "<group>"; };
		28D1C0091EDCF62900290999 /* Feature.swift */ = {isa = PBXFileReference; fileEncoding = 4; lastKnownFileType = sourcecode.swift; path = Feature.swift; sourceTree = "<group>"; };
		28E66FE81EE4CF0F00073DF1 /* TextFieldViewController.swift */ = {isa = PBXFileReference; fileEncoding = 4; lastKnownFileType = sourcecode.swift; path = TextFieldViewController.swift; sourceTree = "<group>"; };
		28E66FEA1EE4D06600073DF1 /* ViewViewController.swift */ = {isa = PBXFileReference; fileEncoding = 4; lastKnownFileType = sourcecode.swift; path = ViewViewController.swift; sourceTree = "<group>"; };
		28E66FED1EE4E4C100073DF1 /* ActionFilterView.swift */ = {isa = PBXFileReference; fileEncoding = 4; lastKnownFileType = sourcecode.swift; path = ActionFilterView.swift; sourceTree = "<group>"; };
		28E66FEE1EE4E4C100073DF1 /* ActionFilterViewDelegate.swift */ = {isa = PBXFileReference; fileEncoding = 4; lastKnownFileType = sourcecode.swift; path = ActionFilterViewDelegate.swift; sourceTree = "<group>"; };
		28E66FEF1EE4E4C100073DF1 /* KeyboardHelper.swift */ = {isa = PBXFileReference; fileEncoding = 4; lastKnownFileType = sourcecode.swift; path = KeyboardHelper.swift; sourceTree = "<group>"; };
		28E66FF01EE4E4C100073DF1 /* KeyboardHelperDelegate.swift */ = {isa = PBXFileReference; fileEncoding = 4; lastKnownFileType = sourcecode.swift; path = KeyboardHelperDelegate.swift; sourceTree = "<group>"; };
		28E66FF51EE4E57200073DF1 /* KeyboardHelperDelegate+Optional.swift */ = {isa = PBXFileReference; fileEncoding = 4; lastKnownFileType = sourcecode.swift; path = "KeyboardHelperDelegate+Optional.swift"; sourceTree = "<group>"; };
		28E66FF71EE4E9B000073DF1 /* KeyboardHelper+UITextFieldDelegate.swift */ = {isa = PBXFileReference; fileEncoding = 4; lastKnownFileType = sourcecode.swift; path = "KeyboardHelper+UITextFieldDelegate.swift"; sourceTree = "<group>"; };
		28E66FF91EE4EA5D00073DF1 /* KeyboardHelper+UISearchBarDelegate.swift */ = {isa = PBXFileReference; fileEncoding = 4; lastKnownFileType = sourcecode.swift; path = "KeyboardHelper+UISearchBarDelegate.swift"; sourceTree = "<group>"; };
		28F350A81EE793E5005120B1 /* LocationHelper+LocationManagerDelegate.swift */ = {isa = PBXFileReference; fileEncoding = 4; lastKnownFileType = sourcecode.swift; path = "LocationHelper+LocationManagerDelegate.swift"; sourceTree = "<group>"; };
		28F350A91EE793E5005120B1 /* LocationHelper.swift */ = {isa = PBXFileReference; fileEncoding = 4; lastKnownFileType = sourcecode.swift; path = LocationHelper.swift; sourceTree = "<group>"; };
		28F350AA1EE793E5005120B1 /* LocationHelperDelegate.swift */ = {isa = PBXFileReference; fileEncoding = 4; lastKnownFileType = sourcecode.swift; path = LocationHelperDelegate.swift; sourceTree = "<group>"; };
		28F550F11EDBF49D006646A3 /* DeviceInfoAccessor.swift */ = {isa = PBXFileReference; fileEncoding = 4; lastKnownFileType = sourcecode.swift; path = DeviceInfoAccessor.swift; sourceTree = "<group>"; };
		28F550F21EDBF49D006646A3 /* DeviceType.swift */ = {isa = PBXFileReference; fileEncoding = 4; lastKnownFileType = sourcecode.swift; path = DeviceType.swift; sourceTree = "<group>"; };
		422DB3C41EAA30B300377AB5 /* AdvancedUIKit.framework */ = {isa = PBXFileReference; explicitFileType = wrapper.framework; includeInIndex = 0; path = AdvancedUIKit.framework; sourceTree = BUILT_PRODUCTS_DIR; };
		422DB3C81EAA30B300377AB5 /* Info.plist */ = {isa = PBXFileReference; lastKnownFileType = text.plist.xml; path = Info.plist; sourceTree = "<group>"; };
		422DB4061EAA3CF100377AB5 /* AdvancedUIKitHost.app */ = {isa = PBXFileReference; explicitFileType = wrapper.application; includeInIndex = 0; path = AdvancedUIKitHost.app; sourceTree = BUILT_PRODUCTS_DIR; };
		422DB4081EAA3CF100377AB5 /* AppDelegate.swift */ = {isa = PBXFileReference; lastKnownFileType = sourcecode.swift; name = AppDelegate.swift; path = AdvancedUIKitHost/App/AppDelegate.swift; sourceTree = SOURCE_ROOT; };
		422DB40F1EAA3CF100377AB5 /* Assets.xcassets */ = {isa = PBXFileReference; lastKnownFileType = folder.assetcatalog; path = Assets.xcassets; sourceTree = "<group>"; };
		422DB4141EAA3CF100377AB5 /* Info.plist */ = {isa = PBXFileReference; lastKnownFileType = text.plist.xml; path = Info.plist; sourceTree = "<group>"; };
		422DB4191EAA3CF100377AB5 /* AdvancedUIKitTests.xctest */ = {isa = PBXFileReference; explicitFileType = wrapper.cfbundle; includeInIndex = 0; path = AdvancedUIKitTests.xctest; sourceTree = BUILT_PRODUCTS_DIR; };
		422DB4281EAA3D2A00377AB5 /* Info.plist */ = {isa = PBXFileReference; fileEncoding = 4; lastKnownFileType = text.plist.xml; path = Info.plist; sourceTree = "<group>"; };
		425DCD111EB357A800A0ED26 /* View+Animation.swift */ = {isa = PBXFileReference; fileEncoding = 4; lastKnownFileType = sourcecode.swift; path = "View+Animation.swift"; sourceTree = "<group>"; };
		425DCD131EB3689000A0ED26 /* View+Gesture.swift */ = {isa = PBXFileReference; fileEncoding = 4; lastKnownFileType = sourcecode.swift; path = "View+Gesture.swift"; sourceTree = "<group>"; };
		425DCD151EB36EA100A0ED26 /* String+Localizer.swift */ = {isa = PBXFileReference; fileEncoding = 4; lastKnownFileType = sourcecode.swift; path = "String+Localizer.swift"; sourceTree = "<group>"; };
		425EAD4C1EAC6EDB001F1F81 /* RootView.swift */ = {isa = PBXFileReference; fileEncoding = 4; lastKnownFileType = sourcecode.swift; path = RootView.swift; sourceTree = "<group>"; };
		4266037B1EE576EF00B74C3E /* KeyboardViewController+KeyboardHelperDelegate.swift */ = {isa = PBXFileReference; fileEncoding = 4; lastKnownFileType = sourcecode.swift; path = "KeyboardViewController+KeyboardHelperDelegate.swift"; sourceTree = "<group>"; };
		426939751EAB01CD00761FDE /* Label+Dynamic.swift */ = {isa = PBXFileReference; fileEncoding = 4; lastKnownFileType = sourcecode.swift; path = "Label+Dynamic.swift"; sourceTree = "<group>"; };
		426939781EAB151400761FDE /* LabelViewController.swift */ = {isa = PBXFileReference; fileEncoding = 4; lastKnownFileType = sourcecode.swift; path = LabelViewController.swift; sourceTree = "<group>"; };
		4269397B1EAB253700761FDE /* String+Measurer.swift */ = {isa = PBXFileReference; fileEncoding = 4; lastKnownFileType = sourcecode.swift; path = "String+Measurer.swift"; sourceTree = "<group>"; };
		4269397E1EAB43A400761FDE /* String+Helper.swift */ = {isa = PBXFileReference; fileEncoding = 4; lastKnownFileType = sourcecode.swift; path = "String+Helper.swift"; sourceTree = "<group>"; };
		426939821EAB65A800761FDE /* PickerViewController.swift */ = {isa = PBXFileReference; fileEncoding = 4; lastKnownFileType = sourcecode.swift; path = PickerViewController.swift; sourceTree = "<group>"; };
		426939841EAB673E00761FDE /* DataPicker.swift */ = {isa = PBXFileReference; fileEncoding = 4; lastKnownFileType = sourcecode.swift; path = DataPicker.swift; sourceTree = "<group>"; };
		426939861EAB675500761FDE /* DataPicker+PickerViewDataSource.swift */ = {isa = PBXFileReference; fileEncoding = 4; lastKnownFileType = sourcecode.swift; path = "DataPicker+PickerViewDataSource.swift"; sourceTree = "<group>"; };
		426939881EAB676300761FDE /* DataPicker+PickerViewDelegate.swift */ = {isa = PBXFileReference; fileEncoding = 4; lastKnownFileType = sourcecode.swift; path = "DataPicker+PickerViewDelegate.swift"; sourceTree = "<group>"; };
		426939951EAB8EE000761FDE /* en */ = {isa = PBXFileReference; lastKnownFileType = text.plist.strings; name = en; path = en.lproj/DataPicker.strings; sourceTree = "<group>"; };
		426939971EAB8EF500761FDE /* zh-Hans */ = {isa = PBXFileReference; lastKnownFileType = text.plist.strings; name = "zh-Hans"; path = "zh-Hans.lproj/DataPicker.strings"; sourceTree = "<group>"; };
		426939981EAC43E300761FDE /* DataPickerDelegate.swift */ = {isa = PBXFileReference; fileEncoding = 4; lastKnownFileType = sourcecode.swift; path = DataPickerDelegate.swift; sourceTree = "<group>"; };
		4269399C1EAC478600761FDE /* Logger.swift */ = {isa = PBXFileReference; fileEncoding = 4; lastKnownFileType = sourcecode.swift; path = Logger.swift; sourceTree = "<group>"; };
		4269399E1EAC4B3100761FDE /* DataPickerItem.swift */ = {isa = PBXFileReference; fileEncoding = 4; lastKnownFileType = sourcecode.swift; path = DataPickerItem.swift; sourceTree = "<group>"; };
		426939A01EAC4C7700761FDE /* DataPickerColumn.swift */ = {isa = PBXFileReference; fileEncoding = 4; lastKnownFileType = sourcecode.swift; path = DataPickerColumn.swift; sourceTree = "<group>"; };
		427373E31ED8FFA200DD8891 /* GestureFilterView.swift */ = {isa = PBXFileReference; fileEncoding = 4; lastKnownFileType = sourcecode.swift; path = GestureFilterView.swift; sourceTree = "<group>"; };
		428EAB471EDC16BC006ED22B /* DeviceInfoAccessor+Specs.swift */ = {isa = PBXFileReference; fileEncoding = 4; lastKnownFileType = sourcecode.swift; path = "DeviceInfoAccessor+Specs.swift"; sourceTree = "<group>"; };
		428EAB5A1EDC4BD3006ED22B /* DeviceHelper.swift */ = {isa = PBXFileReference; fileEncoding = 4; lastKnownFileType = sourcecode.swift; path = DeviceHelper.swift; sourceTree = "<group>"; };
		428EAB5B1EDC4BD3006ED22B /* DeviceHelper+MailComposeViewControllerDelegate.swift */ = {isa = PBXFileReference; fileEncoding = 4; lastKnownFileType = sourcecode.swift; path = "DeviceHelper+MailComposeViewControllerDelegate.swift"; sourceTree = "<group>"; };
		428EAB5C1EDC4BD3006ED22B /* DeviceHelperDelegate.swift */ = {isa = PBXFileReference; fileEncoding = 4; lastKnownFileType = sourcecode.swift; path = DeviceHelperDelegate.swift; sourceTree = "<group>"; };
		428EAB5D1EDC4BD3006ED22B /* DeviceHelperDelegate+Optional.swift */ = {isa = PBXFileReference; fileEncoding = 4; lastKnownFileType = sourcecode.swift; path = "DeviceHelperDelegate+Optional.swift"; sourceTree = "<group>"; };
		428EAB651EDC4BE3006ED22B /* en */ = {isa = PBXFileReference; lastKnownFileType = text.plist.strings; name = en; path = en.lproj/DeviceHelper.strings; sourceTree = "<group>"; };
		428EAB671EDC4BE5006ED22B /* zh-Hans */ = {isa = PBXFileReference; lastKnownFileType = text.plist.strings; name = "zh-Hans"; path = "zh-Hans.lproj/DeviceHelper.strings"; sourceTree = "<group>"; };
		42CA09DC1EDEE0D2009AF1BE /* Button+Dynamic.swift */ = {isa = PBXFileReference; fileEncoding = 4; lastKnownFileType = sourcecode.swift; path = "Button+Dynamic.swift"; sourceTree = "<group>"; };
		42CA09E11EE0461A009AF1BE /* RingHelper.swift */ = {isa = PBXFileReference; fileEncoding = 4; lastKnownFileType = sourcecode.swift; path = RingHelper.swift; sourceTree = "<group>"; };
		42CA09E31EE19673009AF1BE /* NotificationViewController+NotificationHelperDelegate.swift */ = {isa = PBXFileReference; fileEncoding = 4; lastKnownFileType = sourcecode.swift; path = "NotificationViewController+NotificationHelperDelegate.swift"; sourceTree = "<group>"; };
		42CA09E81EE19998009AF1BE /* Label+Localizer.swift */ = {isa = PBXFileReference; fileEncoding = 4; lastKnownFileType = sourcecode.swift; path = "Label+Localizer.swift"; sourceTree = "<group>"; };
		42CA09EC1EE19E36009AF1BE /* Button+Localizer.swift */ = {isa = PBXFileReference; fileEncoding = 4; lastKnownFileType = sourcecode.swift; path = "Button+Localizer.swift"; sourceTree = "<group>"; };
		42CA09EE1EE19F15009AF1BE /* View+Localizer.swift */ = {isa = PBXFileReference; fileEncoding = 4; lastKnownFileType = sourcecode.swift; path = "View+Localizer.swift"; sourceTree = "<group>"; };
		42CA09F01EE1A1BA009AF1BE /* SegmentedControl+Localizer.swift */ = {isa = PBXFileReference; fileEncoding = 4; lastKnownFileType = sourcecode.swift; path = "SegmentedControl+Localizer.swift"; sourceTree = "<group>"; };
		42CA09F31EE1A50E009AF1BE /* LocalizationViewController.swift */ = {isa = PBXFileReference; fileEncoding = 4; lastKnownFileType = sourcecode.swift; path = LocalizationViewController.swift; sourceTree = "<group>"; };
		42CA09F51EE1A7B0009AF1BE /* Localizable.strings */ = {isa = PBXFileReference; fileEncoding = 4; lastKnownFileType = text.plist.strings; path = Localizable.strings; sourceTree = "<group>"; };
		42CA09FB1EE23C5C009AF1BE /* Base */ = {isa = PBXFileReference; lastKnownFileType = file.storyboard; name = Base; path = Base.lproj/LaunchScreen.storyboard; sourceTree = "<group>"; };
		42CA0A011EE23D0F009AF1BE /* Base */ = {isa = PBXFileReference; lastKnownFileType = file.storyboard; name = Base; path = Base.lproj/Main.storyboard; sourceTree = "<group>"; };
		42CA0A071EE4338A009AF1BE /* ButtonViewController.swift */ = {isa = PBXFileReference; fileEncoding = 4; lastKnownFileType = sourcecode.swift; path = ButtonViewController.swift; sourceTree = "<group>"; };
		42CA0A091EE43752009AF1BE /* NavigationViewController.swift */ = {isa = PBXFileReference; fileEncoding = 4; lastKnownFileType = sourcecode.swift; path = NavigationViewController.swift; sourceTree = "<group>"; };
		42EA08B41EDD76FA00B079C0 /* MessageHelper.swift */ = {isa = PBXFileReference; fileEncoding = 4; lastKnownFileType = sourcecode.swift; path = MessageHelper.swift; sourceTree = "<group>"; };
		42EA08B81EDD8E0400B079C0 /* MessageHelper+Constant.swift */ = {isa = PBXFileReference; fileEncoding = 4; lastKnownFileType = sourcecode.swift; path = "MessageHelper+Constant.swift"; sourceTree = "<group>"; };
		42EA08BA1EDD8FE800B079C0 /* SystemMessageHelper+Helper.swift */ = {isa = PBXFileReference; fileEncoding = 4; lastKnownFileType = sourcecode.swift; path = "SystemMessageHelper+Helper.swift"; sourceTree = "<group>"; };
		42EA08BC1EDD961800B079C0 /* CustomizedMessageHelper+Helper.swift */ = {isa = PBXFileReference; fileEncoding = 4; lastKnownFileType = sourcecode.swift; path = "CustomizedMessageHelper+Helper.swift"; sourceTree = "<group>"; };
		42EE74B51EDCC72100AD982A /* FileInfoAccessor.swift */ = {isa = PBXFileReference; fileEncoding = 4; lastKnownFileType = sourcecode.swift; path = FileInfoAccessor.swift; sourceTree = "<group>"; };
		4FD9269D2C60EB827C9515A3 /* Pods-AdvancedUIKitTests.debug.xcconfig */ = {isa = PBXFileReference; includeInIndex = 1; lastKnownFileType = text.xcconfig; name = "Pods-AdvancedUIKitTests.debug.xcconfig"; path = "Pods/Target Support Files/Pods-AdvancedUIKitTests/Pods-AdvancedUIKitTests.debug.xcconfig"; sourceTree = "<group>"; };
		EBB5211EA877ED62CA30076E /* Pods_AdvancedUIKitTests.framework */ = {isa = PBXFileReference; explicitFileType = wrapper.framework; includeInIndex = 0; path = Pods_AdvancedUIKitTests.framework; sourceTree = BUILT_PRODUCTS_DIR; };
		F0CF1A07C94DBA7B81364EAC /* Pods-AdvancedUIKitTests.release.xcconfig */ = {isa = PBXFileReference; includeInIndex = 1; lastKnownFileType = text.xcconfig; name = "Pods-AdvancedUIKitTests.release.xcconfig"; path = "Pods/Target Support Files/Pods-AdvancedUIKitTests/Pods-AdvancedUIKitTests.release.xcconfig"; sourceTree = "<group>"; };
/* End PBXFileReference section */

/* Begin PBXFrameworksBuildPhase section */
		422DB3C01EAA30B300377AB5 /* Frameworks */ = {
			isa = PBXFrameworksBuildPhase;
			buildActionMask = 2147483647;
			files = (
			);
			runOnlyForDeploymentPostprocessing = 0;
		};
		422DB4031EAA3CF100377AB5 /* Frameworks */ = {
			isa = PBXFrameworksBuildPhase;
			buildActionMask = 2147483647;
			files = (
				28D1BFF71EDCEC7300290999 /* AdvancedUIKit.framework in Frameworks */,
			);
			runOnlyForDeploymentPostprocessing = 0;
		};
		422DB4161EAA3CF100377AB5 /* Frameworks */ = {
			isa = PBXFrameworksBuildPhase;
			buildActionMask = 2147483647;
			files = (
				1753AF0D171584EB52D532B7 /* Pods_AdvancedUIKitTests.framework in Frameworks */,
			);
			runOnlyForDeploymentPostprocessing = 0;
		};
/* End PBXFrameworksBuildPhase section */

/* Begin PBXGroup section */
		2814AED81EE1449F007745EF /* Notification */ = {
			isa = PBXGroup;
			children = (
				2814AED91EE144B2007745EF /* NotificationViewController.swift */,
				42CA09E31EE19673009AF1BE /* NotificationViewController+NotificationHelperDelegate.swift */,
			);
			path = Notification;
			sourceTree = "<group>";
		};
		2822A3341EE0EC3B00FAA8E3 /* Navigation */ = {
			isa = PBXGroup;
			children = (
				2822A3351EE0EC8200FAA8E3 /* ViewController+Navigation.swift */,
				2822A3371EE0EE2600FAA8E3 /* NavigationBar.swift */,
				2822A3381EE0EE2600FAA8E3 /* NavigationController+Storyboard.swift */,
			);
			path = Navigation;
			sourceTree = "<group>";
		};
		2822A33B1EE1278500FAA8E3 /* Notification */ = {
			isa = PBXGroup;
			children = (
				2822A3461EE127F900FAA8E3 /* NotificationHelper.strings */,
				2822A33C1EE127EA00FAA8E3 /* NotificationHelper.swift */,
				2822A33E1EE127EA00FAA8E3 /* NotificationHelperDelegate.swift */,
				2822A3481EE135ED00FAA8E3 /* NotificationHelperDelegate+Optional.swift */,
			);
			path = Notification;
			sourceTree = "<group>";
		};
		2838C2CE1EE0DD79004D5BCB /* Audio */ = {
			isa = PBXGroup;
			children = (
				2838C2CF1EE0DD89004D5BCB /* AudioViewController.swift */,
			);
			path = Audio;
			sourceTree = "<group>";
		};
		2846A98A1EE7B03F007D4226 /* Location */ = {
			isa = PBXGroup;
			children = (
				2846A98B1EE7B064007D4226 /* LocationViewController.swift */,
				2846A98D1EE7B1EE007D4226 /* LocationViewController+LocationHelperDelegate.swift */,
			);
			path = Location;
			sourceTree = "<group>";
		};
		2846A9971EE7C0FA007D4226 /* Map */ = {
			isa = PBXGroup;
			children = (
				2846A9981EE7C0FA007D4226 /* ExpandableMapView.swift */,
				2846A9991EE7C0FA007D4226 /* MapView+Localization.swift */,
				2846A99A1EE7C0FA007D4226 /* MapView.swift */,
				2846A99B1EE7C0FA007D4226 /* MapViewDelegate.swift */,
				2846A99C1EE7C0FA007D4226 /* MapViewLine.swift */,
				2846A99D1EE7C0FA007D4226 /* MapViewPoint.swift */,
			);
			path = Map;
			sourceTree = "<group>";
		};
		284E5C421EDD0FE500C3CC86 /* Message */ = {
			isa = PBXGroup;
			children = (
				284E5C491EDD104C00C3CC86 /* CustomizedMessageHelper.swift */,
				42EA08BC1EDD961800B079C0 /* CustomizedMessageHelper+Helper.swift */,
				284E5C471EDD103400C3CC86 /* MessageHelper.strings */,
				284E5C4C1EDD104C00C3CC86 /* SystemMessageHelper.swift */,
				42EA08BA1EDD8FE800B079C0 /* SystemMessageHelper+Helper.swift */,
				42EA08B41EDD76FA00B079C0 /* MessageHelper.swift */,
				42EA08B81EDD8E0400B079C0 /* MessageHelper+Constant.swift */,
				284E5C4E1EDD104C00C3CC86 /* MessageHelperDelegate.swift */,
				284E5C571EDD17C200C3CC86 /* MessageHelperDelegate+Optional.swift */,
				284E5C4F1EDD104C00C3CC86 /* MessageType.swift */,
			);
			path = Message;
			sourceTree = "<group>";
		};
		284E5C591EDD324400C3CC86 /* Message */ = {
			isa = PBXGroup;
			children = (
				284E5C5A1EDD337500C3CC86 /* MessageViewController.swift */,
				284E5C5C1EDD36BF00C3CC86 /* MessageViewController+MessageHelperDelegate.swift */,
			);
			path = Message;
			sourceTree = "<group>";
		};
		289D5FE91EDF92DB00203DE2 /* TextField */ = {
			isa = PBXGroup;
			children = (
				289D5FEA1EDF92DB00203DE2 /* TextField+Attribute.swift */,
				289D5FEB1EDF92DB00203DE2 /* TextField+Dynamic.swift */,
				28B1D8091EE5135500A5B2C4 /* TextField+Underline.swift */,
				28B1D80D1EE519DF00A5B2C4 /* UnderlineView.swift */,
			);
			path = TextField;
			sourceTree = "<group>";
		};
		28B1D8061EE50E7B00A5B2C4 /* Keyboard */ = {
			isa = PBXGroup;
			children = (
				28B1D8071EE50E8A00A5B2C4 /* KeyboardViewController.swift */,
				4266037B1EE576EF00B74C3E /* KeyboardViewController+KeyboardHelperDelegate.swift */,
			);
			path = Keyboard;
			sourceTree = "<group>";
		};
		28D1BFEF1EDCE0E100290999 /* Device */ = {
			isa = PBXGroup;
			children = (
				28D1BFF01EDCE0F100290999 /* DeviceViewController.swift */,
				28D1BFFC1EDCF1B900290999 /* DeviceViewController+DeviceHelperDelegate.swift */,
			);
			path = Device;
			sourceTree = "<group>";
		};
		28D1C0001EDCF3DA00290999 /* Main */ = {
			isa = PBXGroup;
			children = (
				28D1C0091EDCF62900290999 /* Feature.swift */,
				28D1C0071EDCF5E100290999 /* FeatureTableCell.swift */,
				28D1C0011EDCF3EF00290999 /* MainViewController.swift */,
				28D1C0031EDCF42A00290999 /* MainViewController+TableViewDataSource.swift */,
				28D1C0051EDCF43700290999 /* MainViewController+TableViewDelegate.swift */,
			);
			path = Main;
			sourceTree = "<group>";
		};
		28E66FEC1EE4E4C100073DF1 /* Keyboard */ = {
			isa = PBXGroup;
			children = (
				28E66FED1EE4E4C100073DF1 /* ActionFilterView.swift */,
				28E66FEE1EE4E4C100073DF1 /* ActionFilterViewDelegate.swift */,
				28E66FEF1EE4E4C100073DF1 /* KeyboardHelper.swift */,
				2862143D1EE62A0E00ED3290 /* KeyboardHelper+Pusher.swift */,
				28B1D80F1EE52D9700A5B2C4 /* KeyboardHelper+ActionFilterViewDelegate.swift */,
				28E66FF91EE4EA5D00073DF1 /* KeyboardHelper+UISearchBarDelegate.swift */,
				28E66FF71EE4E9B000073DF1 /* KeyboardHelper+UITextFieldDelegate.swift */,
				28E66FF01EE4E4C100073DF1 /* KeyboardHelperDelegate.swift */,
				28E66FF51EE4E57200073DF1 /* KeyboardHelperDelegate+Optional.swift */,
			);
			path = Keyboard;
			sourceTree = "<group>";
		};
		28F350A71EE793E5005120B1 /* Location */ = {
			isa = PBXGroup;
			children = (
				28F350A91EE793E5005120B1 /* LocationHelper.swift */,
				28F350A81EE793E5005120B1 /* LocationHelper+LocationManagerDelegate.swift */,
				28F350AA1EE793E5005120B1 /* LocationHelperDelegate.swift */,
				2846A98F1EE7B22D007D4226 /* LocationHelperDelegate+Optional.swift */,
				2846A9951EE7B8CC007D4226 /* LocationHelper.strings */,
			);
			path = Location;
			sourceTree = "<group>";
		};
		28F550F01EDBF490006646A3 /* Device */ = {
			isa = PBXGroup;
			children = (
				428EAB661EDC4BE3006ED22B /* DeviceHelper.strings */,
				428EAB5A1EDC4BD3006ED22B /* DeviceHelper.swift */,
				428EAB5B1EDC4BD3006ED22B /* DeviceHelper+MailComposeViewControllerDelegate.swift */,
				428EAB5C1EDC4BD3006ED22B /* DeviceHelperDelegate.swift */,
				428EAB5D1EDC4BD3006ED22B /* DeviceHelperDelegate+Optional.swift */,
				28F550F11EDBF49D006646A3 /* DeviceInfoAccessor.swift */,
				28F550F21EDBF49D006646A3 /* DeviceType.swift */,
			);
			path = Device;
			sourceTree = "<group>";
		};
		422DB3BA1EAA30B300377AB5 = {
			isa = PBXGroup;
			children = (
				422DB3C61EAA30B300377AB5 /* AdvancedUIKit */,
				422DB4071EAA3CF100377AB5 /* AdvancedUIKitHost */,
				422DB4261EAA3D2A00377AB5 /* AdvancedUIKitTests */,
				CBAC1959A0FE1FE370BF95C1 /* Frameworks */,
				C0272E9011EE625BC09036CD /* Pods */,
				422DB3C51EAA30B300377AB5 /* Products */,
			);
			sourceTree = "<group>";
		};
		422DB3C51EAA30B300377AB5 /* Products */ = {
			isa = PBXGroup;
			children = (
				422DB3C41EAA30B300377AB5 /* AdvancedUIKit.framework */,
				422DB4061EAA3CF100377AB5 /* AdvancedUIKitHost.app */,
				422DB4191EAA3CF100377AB5 /* AdvancedUIKitTests.xctest */,
			);
			name = Products;
			sourceTree = "<group>";
		};
		422DB3C61EAA30B300377AB5 /* AdvancedUIKit */ = {
			isa = PBXGroup;
			children = (
				42CA09E01EE0460F009AF1BE /* Audio */,
				42CA09DB1EDEE0B7009AF1BE /* Button */,
				28F550F01EDBF490006646A3 /* Device */,
				422DB3C81EAA30B300377AB5 /* Info.plist */,
				4269397D1EAB439700761FDE /* Internal */,
				28E66FEC1EE4E4C100073DF1 /* Keyboard */,
				426939741EAB01CD00761FDE /* Label */,
				42CA09E51EE198C4009AF1BE /* Localization */,
				28F350A71EE793E5005120B1 /* Location */,
				2846A9971EE7C0FA007D4226 /* Map */,
				284E5C421EDD0FE500C3CC86 /* Message */,
				2822A3341EE0EC3B00FAA8E3 /* Navigation */,
				2822A33B1EE1278500FAA8E3 /* Notification */,
				426939801EAB650F00761FDE /* Picker */,
				4269397A1EAB253700761FDE /* String */,
				289D5FE91EDF92DB00203DE2 /* TextField */,
				422DB4351EAAD2D800377AB5 /* View */,
			);
			path = AdvancedUIKit;
			sourceTree = "<group>";
		};
		422DB4071EAA3CF100377AB5 /* AdvancedUIKitHost */ = {
			isa = PBXGroup;
			children = (
				42CA09F81EE237F0009AF1BE /* App */,
				42CA09F71EE237EC009AF1BE /* Resources */,
				42CA09F91EE23BCD009AF1BE /* View */,
			);
			path = AdvancedUIKitHost;
			sourceTree = "<group>";
		};
		422DB4261EAA3D2A00377AB5 /* AdvancedUIKitTests */ = {
			isa = PBXGroup;
			children = (
				428EAB461EDC1683006ED22B /* Device */,
				422DB4281EAA3D2A00377AB5 /* Info.plist */,
			);
			path = AdvancedUIKitTests;
			sourceTree = "<group>";
		};
		422DB4351EAAD2D800377AB5 /* View */ = {
			isa = PBXGroup;
			children = (
				427373E31ED8FFA200DD8891 /* GestureFilterView.swift */,
				284E5C5E1EDD426400C3CC86 /* PopupView.swift */,
				425EAD4C1EAC6EDB001F1F81 /* RootView.swift */,
				425DCD111EB357A800A0ED26 /* View+Animation.swift */,
				425DCD131EB3689000A0ED26 /* View+Gesture.swift */,
			);
			path = View;
			sourceTree = "<group>";
		};
		426939741EAB01CD00761FDE /* Label */ = {
			isa = PBXGroup;
			children = (
				426939751EAB01CD00761FDE /* Label+Dynamic.swift */,
			);
			path = Label;
			sourceTree = "<group>";
		};
		426939771EAB150700761FDE /* Label */ = {
			isa = PBXGroup;
			children = (
				426939781EAB151400761FDE /* LabelViewController.swift */,
			);
			path = Label;
			sourceTree = "<group>";
		};
		4269397A1EAB253700761FDE /* String */ = {
			isa = PBXGroup;
			children = (
				4269397B1EAB253700761FDE /* String+Measurer.swift */,
			);
			path = String;
			sourceTree = "<group>";
		};
		4269397D1EAB439700761FDE /* Internal */ = {
			isa = PBXGroup;
			children = (
				42EE74B51EDCC72100AD982A /* FileInfoAccessor.swift */,
				4269399C1EAC478600761FDE /* Logger.swift */,
				425DCD151EB36EA100A0ED26 /* String+Localizer.swift */,
				4269397E1EAB43A400761FDE /* String+Helper.swift */,
			);
			path = Internal;
			sourceTree = "<group>";
		};
		426939801EAB650F00761FDE /* Picker */ = {
			isa = PBXGroup;
			children = (
				426939961EAB8EE000761FDE /* DataPicker.strings */,
				426939841EAB673E00761FDE /* DataPicker.swift */,
				426939861EAB675500761FDE /* DataPicker+PickerViewDataSource.swift */,
				426939881EAB676300761FDE /* DataPicker+PickerViewDelegate.swift */,
				426939A01EAC4C7700761FDE /* DataPickerColumn.swift */,
				426939981EAC43E300761FDE /* DataPickerDelegate.swift */,
				4269399E1EAC4B3100761FDE /* DataPickerItem.swift */,
			);
			path = Picker;
			sourceTree = "<group>";
		};
		426939811EAB652C00761FDE /* Picker */ = {
			isa = PBXGroup;
			children = (
				426939821EAB65A800761FDE /* PickerViewController.swift */,
				28D1BFFE1EDCF21E00290999 /* PickerViewController+DataPickerDelegate.swift */,
			);
			path = Picker;
			sourceTree = "<group>";
		};
		428EAB461EDC1683006ED22B /* Device */ = {
			isa = PBXGroup;
			children = (
				428EAB471EDC16BC006ED22B /* DeviceInfoAccessor+Specs.swift */,
			);
			path = Device;
			sourceTree = "<group>";
		};
		42CA09DB1EDEE0B7009AF1BE /* Button */ = {
			isa = PBXGroup;
			children = (
				289D5FF01EDF9A9F00203DE2 /* Button+Attribute.swift */,
				42CA09DC1EDEE0D2009AF1BE /* Button+Dynamic.swift */,
			);
			path = Button;
			sourceTree = "<group>";
		};
		42CA09E01EE0460F009AF1BE /* Audio */ = {
			isa = PBXGroup;
			children = (
				42CA09E11EE0461A009AF1BE /* RingHelper.swift */,
			);
			path = Audio;
			sourceTree = "<group>";
		};
		42CA09E51EE198C4009AF1BE /* Localization */ = {
			isa = PBXGroup;
			children = (
				42CA09EC1EE19E36009AF1BE /* Button+Localizer.swift */,
				42CA09E81EE19998009AF1BE /* Label+Localizer.swift */,
				42CA09F01EE1A1BA009AF1BE /* SegmentedControl+Localizer.swift */,
				42CA09EE1EE19F15009AF1BE /* View+Localizer.swift */,
			);
			path = Localization;
			sourceTree = "<group>";
		};
		42CA09F21EE1A454009AF1BE /* Localization */ = {
			isa = PBXGroup;
			children = (
				42CA09F31EE1A50E009AF1BE /* LocalizationViewController.swift */,
			);
			path = Localization;
			sourceTree = "<group>";
		};
		42CA09F71EE237EC009AF1BE /* Resources */ = {
			isa = PBXGroup;
			children = (
				422DB40F1EAA3CF100377AB5 /* Assets.xcassets */,
				42CA09FA1EE23C5C009AF1BE /* LaunchScreen.storyboard */,
				42CA09F51EE1A7B0009AF1BE /* Localizable.strings */,
				2838C2CC1EE0DD06004D5BCB /* Ring.aiff */,
			);
			path = Resources;
			sourceTree = "<group>";
		};
		42CA09F81EE237F0009AF1BE /* App */ = {
			isa = PBXGroup;
			children = (
				422DB4081EAA3CF100377AB5 /* AppDelegate.swift */,
				422DB4141EAA3CF100377AB5 /* Info.plist */,
			);
			path = App;
			sourceTree = "<group>";
		};
		42CA09F91EE23BCD009AF1BE /* View */ = {
			isa = PBXGroup;
			children = (
				2838C2CE1EE0DD79004D5BCB /* Audio */,
				42CA0A051EE4333B009AF1BE /* Button */,
				28D1BFEF1EDCE0E100290999 /* Device */,
				28B1D8061EE50E7B00A5B2C4 /* Keyboard */,
				426939771EAB150700761FDE /* Label */,
				42CA09F21EE1A454009AF1BE /* Localization */,
				2846A98A1EE7B03F007D4226 /* Location */,
				28D1C0001EDCF3DA00290999 /* Main */,
				42CA0A001EE23D0F009AF1BE /* Main.storyboard */,
				284E5C591EDD324400C3CC86 /* Message */,
				42CA0A041EE432FD009AF1BE /* Navigation */,
				2814AED81EE1449F007745EF /* Notification */,
				426939811EAB652C00761FDE /* Picker */,
				42CA0A031EE432F5009AF1BE /* TextField */,
				42CA0A061EE43363009AF1BE /* View */,
			);
			path = View;
			sourceTree = "<group>";
		};
		42CA0A031EE432F5009AF1BE /* TextField */ = {
			isa = PBXGroup;
			children = (
				28E66FE81EE4CF0F00073DF1 /* TextFieldViewController.swift */,
			);
			path = TextField;
			sourceTree = "<group>";
		};
		42CA0A041EE432FD009AF1BE /* Navigation */ = {
			isa = PBXGroup;
			children = (
				42CA0A091EE43752009AF1BE /* NavigationViewController.swift */,
			);
			path = Navigation;
			sourceTree = "<group>";
		};
		42CA0A051EE4333B009AF1BE /* Button */ = {
			isa = PBXGroup;
			children = (
				42CA0A071EE4338A009AF1BE /* ButtonViewController.swift */,
			);
			path = Button;
			sourceTree = "<group>";
		};
		42CA0A061EE43363009AF1BE /* View */ = {
			isa = PBXGroup;
			children = (
				28E66FEA1EE4D06600073DF1 /* ViewViewController.swift */,
			);
			path = View;
			sourceTree = "<group>";
		};
		C0272E9011EE625BC09036CD /* Pods */ = {
			isa = PBXGroup;
			children = (
				4FD9269D2C60EB827C9515A3 /* Pods-AdvancedUIKitTests.debug.xcconfig */,
				F0CF1A07C94DBA7B81364EAC /* Pods-AdvancedUIKitTests.release.xcconfig */,
			);
			name = Pods;
			sourceTree = "<group>";
		};
		CBAC1959A0FE1FE370BF95C1 /* Frameworks */ = {
			isa = PBXGroup;
			children = (
				EBB5211EA877ED62CA30076E /* Pods_AdvancedUIKitTests.framework */,
			);
			name = Frameworks;
			sourceTree = "<group>";
		};
/* End PBXGroup section */

/* Begin PBXHeadersBuildPhase section */
		422DB3C11EAA30B300377AB5 /* Headers */ = {
			isa = PBXHeadersBuildPhase;
			buildActionMask = 2147483647;
			files = (
			);
			runOnlyForDeploymentPostprocessing = 0;
		};
/* End PBXHeadersBuildPhase section */

/* Begin PBXNativeTarget section */
		422DB3C31EAA30B300377AB5 /* AdvancedUIKit */ = {
			isa = PBXNativeTarget;
			buildConfigurationList = 422DB3D81EAA30B300377AB5 /* Build configuration list for PBXNativeTarget "AdvancedUIKit" */;
			buildPhases = (
				422DB3BF1EAA30B300377AB5 /* Sources */,
				422DB3C01EAA30B300377AB5 /* Frameworks */,
				422DB3C11EAA30B300377AB5 /* Headers */,
				422DB3C21EAA30B300377AB5 /* Resources */,
			);
			buildRules = (
			);
			dependencies = (
			);
			name = AdvancedUIKit;
			productName = AdvancedUIKit;
			productReference = 422DB3C41EAA30B300377AB5 /* AdvancedUIKit.framework */;
			productType = "com.apple.product-type.framework";
		};
		422DB4051EAA3CF100377AB5 /* AdvancedUIKitHost */ = {
			isa = PBXNativeTarget;
			buildConfigurationList = 422DB4201EAA3CF100377AB5 /* Build configuration list for PBXNativeTarget "AdvancedUIKitHost" */;
			buildPhases = (
				422DB4021EAA3CF100377AB5 /* Sources */,
				422DB4031EAA3CF100377AB5 /* Frameworks */,
				422DB4041EAA3CF100377AB5 /* Resources */,
				28D1BFFB1EDCEC7300290999 /* Embed Frameworks */,
			);
			buildRules = (
			);
			dependencies = (
				28D1BFFA1EDCEC7300290999 /* PBXTargetDependency */,
			);
			name = AdvancedUIKitHost;
			productName = AdvancedUIKitHost;
			productReference = 422DB4061EAA3CF100377AB5 /* AdvancedUIKitHost.app */;
			productType = "com.apple.product-type.application";
		};
		422DB4181EAA3CF100377AB5 /* AdvancedUIKitTests */ = {
			isa = PBXNativeTarget;
			buildConfigurationList = 422DB4231EAA3CF100377AB5 /* Build configuration list for PBXNativeTarget "AdvancedUIKitTests" */;
			buildPhases = (
				0AE15A75752978FE6C7DBC84 /* [CP] Check Pods Manifest.lock */,
				422DB4151EAA3CF100377AB5 /* Sources */,
				422DB4161EAA3CF100377AB5 /* Frameworks */,
				422DB4171EAA3CF100377AB5 /* Resources */,
				7C34FC7B5BE743A66DA27DC5 /* [CP] Embed Pods Frameworks */,
				2E7BACCB82A6B8146203F566 /* [CP] Copy Pods Resources */,
			);
			buildRules = (
			);
			dependencies = (
				422DB41B1EAA3CF100377AB5 /* PBXTargetDependency */,
			);
			name = AdvancedUIKitTests;
			productName = AdvancedUIKitHostUITests;
			productReference = 422DB4191EAA3CF100377AB5 /* AdvancedUIKitTests.xctest */;
			productType = "com.apple.product-type.bundle.ui-testing";
		};
/* End PBXNativeTarget section */

/* Begin PBXProject section */
		422DB3BB1EAA30B300377AB5 /* Project object */ = {
			isa = PBXProject;
			attributes = {
				LastSwiftUpdateCheck = 0830;
				LastUpgradeCheck = 0830;
				ORGANIZATIONNAME = Adamas;
				TargetAttributes = {
					422DB3C31EAA30B300377AB5 = {
						CreatedOnToolsVersion = 8.3.2;
						DevelopmentTeam = Y2XN2Z2HA2;
						LastSwiftMigration = 0830;
						ProvisioningStyle = Automatic;
					};
					422DB4051EAA3CF100377AB5 = {
						CreatedOnToolsVersion = 8.3.2;
						DevelopmentTeam = Y2XN2Z2HA2;
						ProvisioningStyle = Automatic;
					};
					422DB4181EAA3CF100377AB5 = {
						CreatedOnToolsVersion = 8.3.2;
						DevelopmentTeam = Y2XN2Z2HA2;
						LastSwiftMigration = 0830;
						ProvisioningStyle = Automatic;
						TestTargetID = 422DB4051EAA3CF100377AB5;
					};
				};
			};
			buildConfigurationList = 422DB3BE1EAA30B300377AB5 /* Build configuration list for PBXProject "AdvancedUIKit" */;
			compatibilityVersion = "Xcode 3.2";
			developmentRegion = English;
			hasScannedForEncodings = 0;
			knownRegions = (
				en,
				Base,
				"zh-Hans",
			);
			mainGroup = 422DB3BA1EAA30B300377AB5;
			productRefGroup = 422DB3C51EAA30B300377AB5 /* Products */;
			projectDirPath = "";
			projectRoot = "";
			targets = (
				422DB3C31EAA30B300377AB5 /* AdvancedUIKit */,
				422DB4051EAA3CF100377AB5 /* AdvancedUIKitHost */,
				422DB4181EAA3CF100377AB5 /* AdvancedUIKitTests */,
			);
		};
/* End PBXProject section */

/* Begin PBXResourcesBuildPhase section */
		422DB3C21EAA30B300377AB5 /* Resources */ = {
			isa = PBXResourcesBuildPhase;
			buildActionMask = 2147483647;
			files = (
				2822A3441EE127F900FAA8E3 /* NotificationHelper.strings in Resources */,
				2846A9931EE7B8CC007D4226 /* LocationHelper.strings in Resources */,
				426939941EAB8EE000761FDE /* DataPicker.strings in Resources */,
				422DB42A1EAA3D2A00377AB5 /* Info.plist in Resources */,
				284E5C451EDD103400C3CC86 /* MessageHelper.strings in Resources */,
				428EAB641EDC4BE3006ED22B /* DeviceHelper.strings in Resources */,
			);
			runOnlyForDeploymentPostprocessing = 0;
		};
		422DB4041EAA3CF100377AB5 /* Resources */ = {
			isa = PBXResourcesBuildPhase;
			buildActionMask = 2147483647;
			files = (
				42CA09F61EE1A7B0009AF1BE /* Localizable.strings in Resources */,
				42CA0A021EE23D0F009AF1BE /* Main.storyboard in Resources */,
				2838C2CD1EE0DD06004D5BCB /* Ring.aiff in Resources */,
				422DB4101EAA3CF100377AB5 /* Assets.xcassets in Resources */,
				42CA09FC1EE23C5C009AF1BE /* LaunchScreen.storyboard in Resources */,
			);
			runOnlyForDeploymentPostprocessing = 0;
		};
		422DB4171EAA3CF100377AB5 /* Resources */ = {
			isa = PBXResourcesBuildPhase;
			buildActionMask = 2147483647;
			files = (
			);
			runOnlyForDeploymentPostprocessing = 0;
		};
/* End PBXResourcesBuildPhase section */

/* Begin PBXShellScriptBuildPhase section */
		0AE15A75752978FE6C7DBC84 /* [CP] Check Pods Manifest.lock */ = {
			isa = PBXShellScriptBuildPhase;
			buildActionMask = 2147483647;
			files = (
			);
			inputPaths = (
			);
			name = "[CP] Check Pods Manifest.lock";
			outputPaths = (
			);
			runOnlyForDeploymentPostprocessing = 0;
			shellPath = /bin/sh;
			shellScript = "diff \"${PODS_ROOT}/../Podfile.lock\" \"${PODS_ROOT}/Manifest.lock\" > /dev/null\nif [ $? != 0 ] ; then\n    # print error to STDERR\n    echo \"error: The sandbox is not in sync with the Podfile.lock. Run 'pod install' or update your CocoaPods installation.\" >&2\n    exit 1\nfi\n";
			showEnvVarsInLog = 0;
		};
		2E7BACCB82A6B8146203F566 /* [CP] Copy Pods Resources */ = {
			isa = PBXShellScriptBuildPhase;
			buildActionMask = 2147483647;
			files = (
			);
			inputPaths = (
			);
			name = "[CP] Copy Pods Resources";
			outputPaths = (
			);
			runOnlyForDeploymentPostprocessing = 0;
			shellPath = /bin/sh;
			shellScript = "\"${SRCROOT}/Pods/Target Support Files/Pods-AdvancedUIKitTests/Pods-AdvancedUIKitTests-resources.sh\"\n";
			showEnvVarsInLog = 0;
		};
		7C34FC7B5BE743A66DA27DC5 /* [CP] Embed Pods Frameworks */ = {
			isa = PBXShellScriptBuildPhase;
			buildActionMask = 2147483647;
			files = (
			);
			inputPaths = (
			);
			name = "[CP] Embed Pods Frameworks";
			outputPaths = (
			);
			runOnlyForDeploymentPostprocessing = 0;
			shellPath = /bin/sh;
			shellScript = "\"${SRCROOT}/Pods/Target Support Files/Pods-AdvancedUIKitTests/Pods-AdvancedUIKitTests-frameworks.sh\"\n";
			showEnvVarsInLog = 0;
		};
/* End PBXShellScriptBuildPhase section */

/* Begin PBXSourcesBuildPhase section */
		422DB3BF1EAA30B300377AB5 /* Sources */ = {
			isa = PBXSourcesBuildPhase;
			buildActionMask = 2147483647;
			files = (
				289D5FF11EDF9A9F00203DE2 /* Button+Attribute.swift in Sources */,
				284E5C551EDD104C00C3CC86 /* MessageHelperDelegate.swift in Sources */,
				2846A99F1EE7C0FA007D4226 /* MapView+Localization.swift in Sources */,
				42EA08BD1EDD961800B079C0 /* CustomizedMessageHelper+Helper.swift in Sources */,
				42EA08BB1EDD8FE800B079C0 /* SystemMessageHelper+Helper.swift in Sources */,
				425EAD4D1EAC6EDB001F1F81 /* RootView.swift in Sources */,
				28E66FF81EE4E9B000073DF1 /* KeyboardHelper+UITextFieldDelegate.swift in Sources */,
				28E66FF61EE4E57200073DF1 /* KeyboardHelperDelegate+Optional.swift in Sources */,
				2846A9901EE7B22D007D4226 /* LocationHelperDelegate+Optional.swift in Sources */,
				42CA09DD1EDEE0D2009AF1BE /* Button+Dynamic.swift in Sources */,
				284E5C5F1EDD426400C3CC86 /* PopupView.swift in Sources */,
				284E5C581EDD17C200C3CC86 /* MessageHelperDelegate+Optional.swift in Sources */,
				2822A33A1EE0EE2600FAA8E3 /* NavigationController+Storyboard.swift in Sources */,
				425DCD141EB3689000A0ED26 /* View+Gesture.swift in Sources */,
				4269397C1EAB253700761FDE /* String+Measurer.swift in Sources */,
				426939991EAC43E300761FDE /* DataPickerDelegate.swift in Sources */,
				42CA09F11EE1A1BA009AF1BE /* SegmentedControl+Localizer.swift in Sources */,
				2846A9A01EE7C0FA007D4226 /* MapView.swift in Sources */,
				2846A9A11EE7C0FA007D4226 /* MapViewDelegate.swift in Sources */,
				428EAB5F1EDC4BD3006ED22B /* DeviceHelper+MailComposeViewControllerDelegate.swift in Sources */,
				284E5C531EDD104C00C3CC86 /* SystemMessageHelper.swift in Sources */,
				4269399F1EAC4B3100761FDE /* DataPickerItem.swift in Sources */,
				4269397F1EAB43A400761FDE /* String+Helper.swift in Sources */,
				426939761EAB01CD00761FDE /* Label+Dynamic.swift in Sources */,
				4269399D1EAC478600761FDE /* Logger.swift in Sources */,
				2822A3391EE0EE2600FAA8E3 /* NavigationBar.swift in Sources */,
				425DCD161EB36EA100A0ED26 /* String+Localizer.swift in Sources */,
				2846A9A21EE7C0FA007D4226 /* MapViewLine.swift in Sources */,
				28B1D80E1EE519DF00A5B2C4 /* UnderlineView.swift in Sources */,
				28F350AC1EE793E5005120B1 /* LocationHelper.swift in Sources */,
				427373E41ED8FFA200DD8891 /* GestureFilterView.swift in Sources */,
				42CA09E91EE19998009AF1BE /* Label+Localizer.swift in Sources */,
				28F350AD1EE793E5005120B1 /* LocationHelperDelegate.swift in Sources */,
				42EA08B91EDD8E0400B079C0 /* MessageHelper+Constant.swift in Sources */,
				28E66FF31EE4E4C100073DF1 /* KeyboardHelper.swift in Sources */,
				428EAB611EDC4BD3006ED22B /* DeviceHelperDelegate+Optional.swift in Sources */,
				426939851EAB673E00761FDE /* DataPicker.swift in Sources */,
				28F550F31EDBF49D006646A3 /* DeviceInfoAccessor.swift in Sources */,
				42CA09ED1EE19E36009AF1BE /* Button+Localizer.swift in Sources */,
				28F350AB1EE793E5005120B1 /* LocationHelper+LocationManagerDelegate.swift in Sources */,
				28B1D8101EE52D9700A5B2C4 /* KeyboardHelper+ActionFilterViewDelegate.swift in Sources */,
				2846A99E1EE7C0FA007D4226 /* ExpandableMapView.swift in Sources */,
				42EE74B61EDCC72100AD982A /* FileInfoAccessor.swift in Sources */,
				28E66FF11EE4E4C100073DF1 /* ActionFilterView.swift in Sources */,
				28B1D80A1EE5135500A5B2C4 /* TextField+Underline.swift in Sources */,
				428EAB601EDC4BD3006ED22B /* DeviceHelperDelegate.swift in Sources */,
				426939891EAB676300761FDE /* DataPicker+PickerViewDelegate.swift in Sources */,
				28E66FF41EE4E4C100073DF1 /* KeyboardHelperDelegate.swift in Sources */,
				2846A9A31EE7C0FA007D4226 /* MapViewPoint.swift in Sources */,
				2822A3411EE127EA00FAA8E3 /* NotificationHelperDelegate.swift in Sources */,
				289D5FED1EDF92DB00203DE2 /* TextField+Dynamic.swift in Sources */,
				289D5FEC1EDF92DB00203DE2 /* TextField+Attribute.swift in Sources */,
				2822A3491EE135ED00FAA8E3 /* NotificationHelperDelegate+Optional.swift in Sources */,
				2862143E1EE62A0E00ED3290 /* KeyboardHelper+Pusher.swift in Sources */,
				28E66FF21EE4E4C100073DF1 /* ActionFilterViewDelegate.swift in Sources */,
				426939A11EAC4C7700761FDE /* DataPickerColumn.swift in Sources */,
				284E5C561EDD104C00C3CC86 /* MessageType.swift in Sources */,
				2822A3361EE0EC8200FAA8E3 /* ViewController+Navigation.swift in Sources */,
				42CA09E21EE0461A009AF1BE /* RingHelper.swift in Sources */,
				426939871EAB675500761FDE /* DataPicker+PickerViewDataSource.swift in Sources */,
				42CA09EF1EE19F15009AF1BE /* View+Localizer.swift in Sources */,
				425DCD121EB357A800A0ED26 /* View+Animation.swift in Sources */,
				284E5C501EDD104C00C3CC86 /* CustomizedMessageHelper.swift in Sources */,
				42EA08B51EDD76FA00B079C0 /* MessageHelper.swift in Sources */,
				428EAB5E1EDC4BD3006ED22B /* DeviceHelper.swift in Sources */,
				28E66FFA1EE4EA5D00073DF1 /* KeyboardHelper+UISearchBarDelegate.swift in Sources */,
				2822A33F1EE127EA00FAA8E3 /* NotificationHelper.swift in Sources */,
				28F550F41EDBF49D006646A3 /* DeviceType.swift in Sources */,
			);
			runOnlyForDeploymentPostprocessing = 0;
		};
		422DB4021EAA3CF100377AB5 /* Sources */ = {
			isa = PBXSourcesBuildPhase;
			buildActionMask = 2147483647;
			files = (
				28E66FE91EE4CF0F00073DF1 /* TextFieldViewController.swift in Sources */,
				28D1C0021EDCF3EF00290999 /* MainViewController.swift in Sources */,
				426939831EAB65A800761FDE /* PickerViewController.swift in Sources */,
				28D1BFFD1EDCF1B900290999 /* DeviceViewController+DeviceHelperDelegate.swift in Sources */,
				28D1BFF11EDCE0F100290999 /* DeviceViewController.swift in Sources */,
				28D1C0061EDCF43700290999 /* MainViewController+TableViewDelegate.swift in Sources */,
				2814AEDA1EE144B2007745EF /* NotificationViewController.swift in Sources */,
				2846A98E1EE7B1EE007D4226 /* LocationViewController+LocationHelperDelegate.swift in Sources */,
				2838C2D01EE0DD89004D5BCB /* AudioViewController.swift in Sources */,
				28D1C0041EDCF42A00290999 /* MainViewController+TableViewDataSource.swift in Sources */,
				42CA0A0A1EE43752009AF1BE /* NavigationViewController.swift in Sources */,
				28D1C0081EDCF5E100290999 /* FeatureTableCell.swift in Sources */,
				42CA09E41EE19673009AF1BE /* NotificationViewController+NotificationHelperDelegate.swift in Sources */,
				4266037C1EE576EF00B74C3E /* KeyboardViewController+KeyboardHelperDelegate.swift in Sources */,
				42CA0A081EE4338A009AF1BE /* ButtonViewController.swift in Sources */,
				28B1D8081EE50E8A00A5B2C4 /* KeyboardViewController.swift in Sources */,
				2846A98C1EE7B064007D4226 /* LocationViewController.swift in Sources */,
				422DB4091EAA3CF100377AB5 /* AppDelegate.swift in Sources */,
				42CA09F41EE1A50E009AF1BE /* LocalizationViewController.swift in Sources */,
				426939791EAB151400761FDE /* LabelViewController.swift in Sources */,
				28E66FEB1EE4D06600073DF1 /* ViewViewController.swift in Sources */,
				28D1BFFF1EDCF21E00290999 /* PickerViewController+DataPickerDelegate.swift in Sources */,
				284E5C5D1EDD36BF00C3CC86 /* MessageViewController+MessageHelperDelegate.swift in Sources */,
				284E5C5B1EDD337500C3CC86 /* MessageViewController.swift in Sources */,
				28D1C00A1EDCF62900290999 /* Feature.swift in Sources */,
			);
			runOnlyForDeploymentPostprocessing = 0;
		};
		422DB4151EAA3CF100377AB5 /* Sources */ = {
			isa = PBXSourcesBuildPhase;
			buildActionMask = 2147483647;
			files = (
				428EAB481EDC16BC006ED22B /* DeviceInfoAccessor+Specs.swift in Sources */,
			);
			runOnlyForDeploymentPostprocessing = 0;
		};
/* End PBXSourcesBuildPhase section */

/* Begin PBXTargetDependency section */
		28D1BFFA1EDCEC7300290999 /* PBXTargetDependency */ = {
			isa = PBXTargetDependency;
			target = 422DB3C31EAA30B300377AB5 /* AdvancedUIKit */;
			targetProxy = 28D1BFF91EDCEC7300290999 /* PBXContainerItemProxy */;
		};
		422DB41B1EAA3CF100377AB5 /* PBXTargetDependency */ = {
			isa = PBXTargetDependency;
			target = 422DB4051EAA3CF100377AB5 /* AdvancedUIKitHost */;
			targetProxy = 422DB41A1EAA3CF100377AB5 /* PBXContainerItemProxy */;
		};
/* End PBXTargetDependency section */

/* Begin PBXVariantGroup section */
		2822A3461EE127F900FAA8E3 /* NotificationHelper.strings */ = {
			isa = PBXVariantGroup;
			children = (
				2822A3451EE127F900FAA8E3 /* en */,
				2822A3471EE127FB00FAA8E3 /* zh-Hans */,
			);
			name = NotificationHelper.strings;
			sourceTree = "<group>";
		};
		2846A9951EE7B8CC007D4226 /* LocationHelper.strings */ = {
			isa = PBXVariantGroup;
			children = (
				2846A9941EE7B8CC007D4226 /* en */,
				2846A9961EE7B8CD007D4226 /* zh-Hans */,
			);
			name = LocationHelper.strings;
			sourceTree = "<group>";
		};
		284E5C471EDD103400C3CC86 /* MessageHelper.strings */ = {
			isa = PBXVariantGroup;
			children = (
				284E5C461EDD103400C3CC86 /* en */,
				284E5C481EDD103600C3CC86 /* zh-Hans */,
			);
			name = MessageHelper.strings;
			sourceTree = "<group>";
		};
		426939961EAB8EE000761FDE /* DataPicker.strings */ = {
			isa = PBXVariantGroup;
			children = (
				426939951EAB8EE000761FDE /* en */,
				426939971EAB8EF500761FDE /* zh-Hans */,
			);
			name = DataPicker.strings;
			sourceTree = "<group>";
		};
		428EAB661EDC4BE3006ED22B /* DeviceHelper.strings */ = {
			isa = PBXVariantGroup;
			children = (
				428EAB651EDC4BE3006ED22B /* en */,
				428EAB671EDC4BE5006ED22B /* zh-Hans */,
			);
			name = DeviceHelper.strings;
			sourceTree = "<group>";
		};
		42CA09FA1EE23C5C009AF1BE /* LaunchScreen.storyboard */ = {
			isa = PBXVariantGroup;
			children = (
				42CA09FB1EE23C5C009AF1BE /* Base */,
			);
			name = LaunchScreen.storyboard;
			sourceTree = "<group>";
		};
		42CA0A001EE23D0F009AF1BE /* Main.storyboard */ = {
			isa = PBXVariantGroup;
			children = (
				42CA0A011EE23D0F009AF1BE /* Base */,
			);
			name = Main.storyboard;
			sourceTree = "<group>";
		};
/* End PBXVariantGroup section */

/* Begin XCBuildConfiguration section */
		422DB3D61EAA30B300377AB5 /* Debug */ = {
			isa = XCBuildConfiguration;
			buildSettings = {
				ALWAYS_SEARCH_USER_PATHS = NO;
				CLANG_ANALYZER_LOCALIZABILITY_NONLOCALIZED = YES;
				CLANG_ANALYZER_NONNULL = YES;
				CLANG_ANALYZER_NUMBER_OBJECT_CONVERSION = YES_AGGRESSIVE;
				CLANG_CXX_LANGUAGE_STANDARD = "gnu++0x";
				CLANG_CXX_LIBRARY = "libc++";
				CLANG_ENABLE_MODULES = YES;
				CLANG_ENABLE_OBJC_ARC = YES;
				CLANG_WARN_BOOL_CONVERSION = YES;
				CLANG_WARN_CONSTANT_CONVERSION = YES;
				CLANG_WARN_DIRECT_OBJC_ISA_USAGE = YES_ERROR;
				CLANG_WARN_DOCUMENTATION_COMMENTS = YES;
				CLANG_WARN_EMPTY_BODY = YES;
				CLANG_WARN_ENUM_CONVERSION = YES;
				CLANG_WARN_INFINITE_RECURSION = YES;
				CLANG_WARN_INT_CONVERSION = YES;
				CLANG_WARN_OBJC_ROOT_CLASS = YES_ERROR;
				CLANG_WARN_SUSPICIOUS_MOVE = YES;
				CLANG_WARN_UNREACHABLE_CODE = YES;
				CLANG_WARN__DUPLICATE_METHOD_MATCH = YES;
				"CODE_SIGN_IDENTITY[sdk=iphoneos*]" = "iPhone Developer";
				COPY_PHASE_STRIP = NO;
				CURRENT_PROJECT_VERSION = 1;
				DEBUG_INFORMATION_FORMAT = dwarf;
				ENABLE_STRICT_OBJC_MSGSEND = YES;
				ENABLE_TESTABILITY = YES;
				GCC_C_LANGUAGE_STANDARD = gnu99;
				GCC_DYNAMIC_NO_PIC = NO;
				GCC_NO_COMMON_BLOCKS = YES;
				GCC_OPTIMIZATION_LEVEL = 0;
				GCC_PREPROCESSOR_DEFINITIONS = (
					"DEBUG=1",
					"$(inherited)",
				);
				GCC_WARN_64_TO_32_BIT_CONVERSION = YES;
				GCC_WARN_ABOUT_RETURN_TYPE = YES_ERROR;
				GCC_WARN_UNDECLARED_SELECTOR = YES;
				GCC_WARN_UNINITIALIZED_AUTOS = YES_AGGRESSIVE;
				GCC_WARN_UNUSED_FUNCTION = YES;
				GCC_WARN_UNUSED_VARIABLE = YES;
				IPHONEOS_DEPLOYMENT_TARGET = 10.3;
				MTL_ENABLE_DEBUG_INFO = YES;
				ONLY_ACTIVE_ARCH = YES;
				SDKROOT = iphoneos;
				SWIFT_ACTIVE_COMPILATION_CONDITIONS = DEBUG;
				SWIFT_OPTIMIZATION_LEVEL = "-Onone";
				TARGETED_DEVICE_FAMILY = "1,2";
				VERSIONING_SYSTEM = "apple-generic";
				VERSION_INFO_PREFIX = "";
			};
			name = Debug;
		};
		422DB3D71EAA30B300377AB5 /* Release */ = {
			isa = XCBuildConfiguration;
			buildSettings = {
				ALWAYS_SEARCH_USER_PATHS = NO;
				CLANG_ANALYZER_LOCALIZABILITY_NONLOCALIZED = YES;
				CLANG_ANALYZER_NONNULL = YES;
				CLANG_ANALYZER_NUMBER_OBJECT_CONVERSION = YES_AGGRESSIVE;
				CLANG_CXX_LANGUAGE_STANDARD = "gnu++0x";
				CLANG_CXX_LIBRARY = "libc++";
				CLANG_ENABLE_MODULES = YES;
				CLANG_ENABLE_OBJC_ARC = YES;
				CLANG_WARN_BOOL_CONVERSION = YES;
				CLANG_WARN_CONSTANT_CONVERSION = YES;
				CLANG_WARN_DIRECT_OBJC_ISA_USAGE = YES_ERROR;
				CLANG_WARN_DOCUMENTATION_COMMENTS = YES;
				CLANG_WARN_EMPTY_BODY = YES;
				CLANG_WARN_ENUM_CONVERSION = YES;
				CLANG_WARN_INFINITE_RECURSION = YES;
				CLANG_WARN_INT_CONVERSION = YES;
				CLANG_WARN_OBJC_ROOT_CLASS = YES_ERROR;
				CLANG_WARN_SUSPICIOUS_MOVE = YES;
				CLANG_WARN_UNREACHABLE_CODE = YES;
				CLANG_WARN__DUPLICATE_METHOD_MATCH = YES;
				"CODE_SIGN_IDENTITY[sdk=iphoneos*]" = "iPhone Developer";
				COPY_PHASE_STRIP = NO;
				CURRENT_PROJECT_VERSION = 1;
				DEBUG_INFORMATION_FORMAT = "dwarf-with-dsym";
				ENABLE_NS_ASSERTIONS = NO;
				ENABLE_STRICT_OBJC_MSGSEND = YES;
				GCC_C_LANGUAGE_STANDARD = gnu99;
				GCC_NO_COMMON_BLOCKS = YES;
				GCC_WARN_64_TO_32_BIT_CONVERSION = YES;
				GCC_WARN_ABOUT_RETURN_TYPE = YES_ERROR;
				GCC_WARN_UNDECLARED_SELECTOR = YES;
				GCC_WARN_UNINITIALIZED_AUTOS = YES_AGGRESSIVE;
				GCC_WARN_UNUSED_FUNCTION = YES;
				GCC_WARN_UNUSED_VARIABLE = YES;
				IPHONEOS_DEPLOYMENT_TARGET = 10.3;
				MTL_ENABLE_DEBUG_INFO = NO;
				SDKROOT = iphoneos;
				SWIFT_OPTIMIZATION_LEVEL = "-Owholemodule";
				TARGETED_DEVICE_FAMILY = "1,2";
				VALIDATE_PRODUCT = YES;
				VERSIONING_SYSTEM = "apple-generic";
				VERSION_INFO_PREFIX = "";
			};
			name = Release;
		};
		422DB3D91EAA30B300377AB5 /* Debug */ = {
			isa = XCBuildConfiguration;
			buildSettings = {
				CLANG_ENABLE_MODULES = YES;
				CODE_SIGN_IDENTITY = "";
				DEFINES_MODULE = YES;
				DEVELOPMENT_TEAM = Y2XN2Z2HA2;
				DYLIB_COMPATIBILITY_VERSION = 1;
				DYLIB_CURRENT_VERSION = 1;
				DYLIB_INSTALL_NAME_BASE = "@rpath";
				INFOPLIST_FILE = AdvancedUIKit/Info.plist;
				INSTALL_PATH = "$(LOCAL_LIBRARY_DIR)/Frameworks";
				IPHONEOS_DEPLOYMENT_TARGET = 8.0;
				LD_RUNPATH_SEARCH_PATHS = "$(inherited) @executable_path/Frameworks @loader_path/Frameworks";
				PRODUCT_BUNDLE_IDENTIFIER = com.adamas.uikit;
				PRODUCT_NAME = "$(TARGET_NAME)";
				SKIP_INSTALL = YES;
				SWIFT_OPTIMIZATION_LEVEL = "-Onone";
				SWIFT_VERSION = 3.0;
			};
			name = Debug;
		};
		422DB3DA1EAA30B300377AB5 /* Release */ = {
			isa = XCBuildConfiguration;
			buildSettings = {
				CLANG_ENABLE_MODULES = YES;
				CODE_SIGN_IDENTITY = "";
				DEFINES_MODULE = YES;
				DEVELOPMENT_TEAM = Y2XN2Z2HA2;
				DYLIB_COMPATIBILITY_VERSION = 1;
				DYLIB_CURRENT_VERSION = 1;
				DYLIB_INSTALL_NAME_BASE = "@rpath";
				INFOPLIST_FILE = AdvancedUIKit/Info.plist;
				INSTALL_PATH = "$(LOCAL_LIBRARY_DIR)/Frameworks";
				IPHONEOS_DEPLOYMENT_TARGET = 8.0;
				LD_RUNPATH_SEARCH_PATHS = "$(inherited) @executable_path/Frameworks @loader_path/Frameworks";
				PRODUCT_BUNDLE_IDENTIFIER = com.adamas.uikit;
				PRODUCT_NAME = "$(TARGET_NAME)";
				SKIP_INSTALL = YES;
				SWIFT_VERSION = 3.0;
			};
			name = Release;
		};
		422DB4211EAA3CF100377AB5 /* Debug */ = {
			isa = XCBuildConfiguration;
			buildSettings = {
				ALWAYS_EMBED_SWIFT_STANDARD_LIBRARIES = YES;
				ASSETCATALOG_COMPILER_APPICON_NAME = AppIcon;
				DEVELOPMENT_TEAM = Y2XN2Z2HA2;
				INFOPLIST_FILE = AdvancedUIKitHost/App/Info.plist;
				IPHONEOS_DEPLOYMENT_TARGET = 8.0;
				LD_RUNPATH_SEARCH_PATHS = "$(inherited) @executable_path/Frameworks";
				PRODUCT_BUNDLE_IDENTIFIER = com.adamas.uikitHost;
				PRODUCT_NAME = "$(TARGET_NAME)";
				SWIFT_VERSION = 3.0;
				TARGETED_DEVICE_FAMILY = "1,2";
			};
			name = Debug;
		};
		422DB4221EAA3CF100377AB5 /* Release */ = {
			isa = XCBuildConfiguration;
			buildSettings = {
				ALWAYS_EMBED_SWIFT_STANDARD_LIBRARIES = YES;
				ASSETCATALOG_COMPILER_APPICON_NAME = AppIcon;
				DEVELOPMENT_TEAM = Y2XN2Z2HA2;
				INFOPLIST_FILE = AdvancedUIKitHost/App/Info.plist;
				IPHONEOS_DEPLOYMENT_TARGET = 8.0;
				LD_RUNPATH_SEARCH_PATHS = "$(inherited) @executable_path/Frameworks";
				PRODUCT_BUNDLE_IDENTIFIER = com.adamas.uikitHost;
				PRODUCT_NAME = "$(TARGET_NAME)";
				SWIFT_VERSION = 3.0;
				TARGETED_DEVICE_FAMILY = "1,2";
			};
			name = Release;
		};
		422DB4241EAA3CF100377AB5 /* Debug */ = {
			isa = XCBuildConfiguration;
			baseConfigurationReference = 4FD9269D2C60EB827C9515A3 /* Pods-AdvancedUIKitTests.debug.xcconfig */;
			buildSettings = {
				ALWAYS_EMBED_SWIFT_STANDARD_LIBRARIES = "$(inherited)";
				CLANG_ENABLE_MODULES = YES;
				DEVELOPMENT_TEAM = Y2XN2Z2HA2;
				INFOPLIST_FILE = AdvancedUIKitTests/Info.plist;
				LD_RUNPATH_SEARCH_PATHS = "$(inherited) @executable_path/Frameworks @loader_path/Frameworks";
				PRODUCT_BUNDLE_IDENTIFIER = com.adamas.AdvancedUIKitHostUITests;
				PRODUCT_NAME = "$(TARGET_NAME)";
				SWIFT_OPTIMIZATION_LEVEL = "-Onone";
				SWIFT_VERSION = 3.0;
				TEST_TARGET_NAME = AdvancedUIKitHost;
			};
			name = Debug;
		};
		422DB4251EAA3CF100377AB5 /* Release */ = {
			isa = XCBuildConfiguration;
			baseConfigurationReference = F0CF1A07C94DBA7B81364EAC /* Pods-AdvancedUIKitTests.release.xcconfig */;
			buildSettings = {
				ALWAYS_EMBED_SWIFT_STANDARD_LIBRARIES = "$(inherited)";
				CLANG_ENABLE_MODULES = YES;
				DEVELOPMENT_TEAM = Y2XN2Z2HA2;
				INFOPLIST_FILE = AdvancedUIKitTests/Info.plist;
				LD_RUNPATH_SEARCH_PATHS = "$(inherited) @executable_path/Frameworks @loader_path/Frameworks";
				PRODUCT_BUNDLE_IDENTIFIER = com.adamas.AdvancedUIKitHostUITests;
				PRODUCT_NAME = "$(TARGET_NAME)";
				SWIFT_VERSION = 3.0;
				TEST_TARGET_NAME = AdvancedUIKitHost;
			};
			name = Release;
		};
/* End XCBuildConfiguration section */

/* Begin XCConfigurationList section */
		422DB3BE1EAA30B300377AB5 /* Build configuration list for PBXProject "AdvancedUIKit" */ = {
			isa = XCConfigurationList;
			buildConfigurations = (
				422DB3D61EAA30B300377AB5 /* Debug */,
				422DB3D71EAA30B300377AB5 /* Release */,
			);
			defaultConfigurationIsVisible = 0;
			defaultConfigurationName = Release;
		};
		422DB3D81EAA30B300377AB5 /* Build configuration list for PBXNativeTarget "AdvancedUIKit" */ = {
			isa = XCConfigurationList;
			buildConfigurations = (
				422DB3D91EAA30B300377AB5 /* Debug */,
				422DB3DA1EAA30B300377AB5 /* Release */,
			);
			defaultConfigurationIsVisible = 0;
			defaultConfigurationName = Release;
		};
		422DB4201EAA3CF100377AB5 /* Build configuration list for PBXNativeTarget "AdvancedUIKitHost" */ = {
			isa = XCConfigurationList;
			buildConfigurations = (
				422DB4211EAA3CF100377AB5 /* Debug */,
				422DB4221EAA3CF100377AB5 /* Release */,
			);
			defaultConfigurationIsVisible = 0;
			defaultConfigurationName = Release;
		};
		422DB4231EAA3CF100377AB5 /* Build configuration list for PBXNativeTarget "AdvancedUIKitTests" */ = {
			isa = XCConfigurationList;
			buildConfigurations = (
				422DB4241EAA3CF100377AB5 /* Debug */,
				422DB4251EAA3CF100377AB5 /* Release */,
			);
			defaultConfigurationIsVisible = 0;
			defaultConfigurationName = Release;
		};
/* End XCConfigurationList section */
	};
	rootObject = 422DB3BB1EAA30B300377AB5 /* Project object */;
}
