// !$*UTF8*$!
{
	archiveVersion = 1;
	classes = {
	};
	objectVersion = 46;
	objects = {

/* Begin PBXBuildFile section */
		1753AF0D171584EB52D532B7 /* Pods_AdvancedUIKitTests.framework in Frameworks */ = {isa = PBXBuildFile; fileRef = EBB5211EA877ED62CA30076E /* Pods_AdvancedUIKitTests.framework */; };
		284E5C451EDD103400C3CC86 /* MessageHelper.strings in Resources */ = {isa = PBXBuildFile; fileRef = 284E5C471EDD103400C3CC86 /* MessageHelper.strings */; };
		284E5C501EDD104C00C3CC86 /* CustomizedMessageHelper.swift in Sources */ = {isa = PBXBuildFile; fileRef = 284E5C491EDD104C00C3CC86 /* CustomizedMessageHelper.swift */; };
		284E5C521EDD104C00C3CC86 /* CustomizedMessageHelperDelegate.swift in Sources */ = {isa = PBXBuildFile; fileRef = 284E5C4B1EDD104C00C3CC86 /* CustomizedMessageHelperDelegate.swift */; };
		284E5C531EDD104C00C3CC86 /* MessageHelper.swift in Sources */ = {isa = PBXBuildFile; fileRef = 284E5C4C1EDD104C00C3CC86 /* MessageHelper.swift */; };
		284E5C551EDD104C00C3CC86 /* MessageHelperDelegate.swift in Sources */ = {isa = PBXBuildFile; fileRef = 284E5C4E1EDD104C00C3CC86 /* MessageHelperDelegate.swift */; };
		284E5C561EDD104C00C3CC86 /* MessageType.swift in Sources */ = {isa = PBXBuildFile; fileRef = 284E5C4F1EDD104C00C3CC86 /* MessageType.swift */; };
		284E5C581EDD17C200C3CC86 /* MessageHelperDelegate+Optional.swift in Sources */ = {isa = PBXBuildFile; fileRef = 284E5C571EDD17C200C3CC86 /* MessageHelperDelegate+Optional.swift */; };
		284E5C5B1EDD337500C3CC86 /* MessageViewController.swift in Sources */ = {isa = PBXBuildFile; fileRef = 284E5C5A1EDD337500C3CC86 /* MessageViewController.swift */; };
		284E5C5D1EDD36BF00C3CC86 /* MessageViewController+MessageHelperDelegate.swift in Sources */ = {isa = PBXBuildFile; fileRef = 284E5C5C1EDD36BF00C3CC86 /* MessageViewController+MessageHelperDelegate.swift */; };
		28D1BFF11EDCE0F100290999 /* DeviceViewController.swift in Sources */ = {isa = PBXBuildFile; fileRef = 28D1BFF01EDCE0F100290999 /* DeviceViewController.swift */; };
		28D1BFF71EDCEC7300290999 /* AdvancedUIKit.framework in Frameworks */ = {isa = PBXBuildFile; fileRef = 422DB3C41EAA30B300377AB5 /* AdvancedUIKit.framework */; };
		28D1BFF81EDCEC7300290999 /* AdvancedUIKit.framework in Embed Frameworks */ = {isa = PBXBuildFile; fileRef = 422DB3C41EAA30B300377AB5 /* AdvancedUIKit.framework */; settings = {ATTRIBUTES = (CodeSignOnCopy, RemoveHeadersOnCopy, ); }; };
		28D1BFFD1EDCF1B900290999 /* DeviceViewController+DeviceHelperDelegate.swift in Sources */ = {isa = PBXBuildFile; fileRef = 28D1BFFC1EDCF1B900290999 /* DeviceViewController+DeviceHelperDelegate.swift */; };
		28D1BFFF1EDCF21E00290999 /* PickerViewController+DataPickerDelegate.swift in Sources */ = {isa = PBXBuildFile; fileRef = 28D1BFFE1EDCF21E00290999 /* PickerViewController+DataPickerDelegate.swift */; };
		28D1C0021EDCF3EF00290999 /* MainViewController.swift in Sources */ = {isa = PBXBuildFile; fileRef = 28D1C0011EDCF3EF00290999 /* MainViewController.swift */; };
		28D1C0041EDCF42A00290999 /* MainViewController+TableViewDataSource.swift in Sources */ = {isa = PBXBuildFile; fileRef = 28D1C0031EDCF42A00290999 /* MainViewController+TableViewDataSource.swift */; };
		28D1C0061EDCF43700290999 /* MainViewController+TableViewDelegate.swift in Sources */ = {isa = PBXBuildFile; fileRef = 28D1C0051EDCF43700290999 /* MainViewController+TableViewDelegate.swift */; };
		28D1C0081EDCF5E100290999 /* FeatureTableCell.swift in Sources */ = {isa = PBXBuildFile; fileRef = 28D1C0071EDCF5E100290999 /* FeatureTableCell.swift */; };
		28D1C00A1EDCF62900290999 /* Feature.swift in Sources */ = {isa = PBXBuildFile; fileRef = 28D1C0091EDCF62900290999 /* Feature.swift */; };
		28F550F31EDBF49D006646A3 /* DeviceInfoAccessor.swift in Sources */ = {isa = PBXBuildFile; fileRef = 28F550F11EDBF49D006646A3 /* DeviceInfoAccessor.swift */; };
		28F550F41EDBF49D006646A3 /* DeviceType.swift in Sources */ = {isa = PBXBuildFile; fileRef = 28F550F21EDBF49D006646A3 /* DeviceType.swift */; };
		422DB4091EAA3CF100377AB5 /* AppDelegate.swift in Sources */ = {isa = PBXBuildFile; fileRef = 422DB4081EAA3CF100377AB5 /* AppDelegate.swift */; };
		422DB40E1EAA3CF100377AB5 /* Main.storyboard in Resources */ = {isa = PBXBuildFile; fileRef = 422DB40C1EAA3CF100377AB5 /* Main.storyboard */; };
		422DB4101EAA3CF100377AB5 /* Assets.xcassets in Resources */ = {isa = PBXBuildFile; fileRef = 422DB40F1EAA3CF100377AB5 /* Assets.xcassets */; };
		422DB4131EAA3CF100377AB5 /* LaunchScreen.storyboard in Resources */ = {isa = PBXBuildFile; fileRef = 422DB4111EAA3CF100377AB5 /* LaunchScreen.storyboard */; };
		422DB42A1EAA3D2A00377AB5 /* Info.plist in Resources */ = {isa = PBXBuildFile; fileRef = 422DB4281EAA3D2A00377AB5 /* Info.plist */; };
		425DCD121EB357A800A0ED26 /* View+Animation.swift in Sources */ = {isa = PBXBuildFile; fileRef = 425DCD111EB357A800A0ED26 /* View+Animation.swift */; };
		425DCD141EB3689000A0ED26 /* View+Gesture.swift in Sources */ = {isa = PBXBuildFile; fileRef = 425DCD131EB3689000A0ED26 /* View+Gesture.swift */; };
		425DCD161EB36EA100A0ED26 /* String+Localizer.swift in Sources */ = {isa = PBXBuildFile; fileRef = 425DCD151EB36EA100A0ED26 /* String+Localizer.swift */; };
		425EAD4D1EAC6EDB001F1F81 /* RootView.swift in Sources */ = {isa = PBXBuildFile; fileRef = 425EAD4C1EAC6EDB001F1F81 /* RootView.swift */; };
		425EAD4F1EAC6F5E001F1F81 /* RootViewVisible.swift in Sources */ = {isa = PBXBuildFile; fileRef = 425EAD4E1EAC6F5E001F1F81 /* RootViewVisible.swift */; };
		425EAD511EAC6F71001F1F81 /* RouteViewInitializable.swift in Sources */ = {isa = PBXBuildFile; fileRef = 425EAD501EAC6F71001F1F81 /* RouteViewInitializable.swift */; };
		426939761EAB01CD00761FDE /* Label+Dynamic.swift in Sources */ = {isa = PBXBuildFile; fileRef = 426939751EAB01CD00761FDE /* Label+Dynamic.swift */; };
		426939791EAB151400761FDE /* LabelViewController.swift in Sources */ = {isa = PBXBuildFile; fileRef = 426939781EAB151400761FDE /* LabelViewController.swift */; };
		4269397C1EAB253700761FDE /* String+Measurer.swift in Sources */ = {isa = PBXBuildFile; fileRef = 4269397B1EAB253700761FDE /* String+Measurer.swift */; };
		4269397F1EAB43A400761FDE /* String+Helper.swift in Sources */ = {isa = PBXBuildFile; fileRef = 4269397E1EAB43A400761FDE /* String+Helper.swift */; };
		426939831EAB65A800761FDE /* PickerViewController.swift in Sources */ = {isa = PBXBuildFile; fileRef = 426939821EAB65A800761FDE /* PickerViewController.swift */; };
		426939851EAB673E00761FDE /* DataPicker.swift in Sources */ = {isa = PBXBuildFile; fileRef = 426939841EAB673E00761FDE /* DataPicker.swift */; };
		426939871EAB675500761FDE /* DataPicker+PickerViewDataSource.swift in Sources */ = {isa = PBXBuildFile; fileRef = 426939861EAB675500761FDE /* DataPicker+PickerViewDataSource.swift */; };
		426939891EAB676300761FDE /* DataPicker+PickerViewDelegate.swift in Sources */ = {isa = PBXBuildFile; fileRef = 426939881EAB676300761FDE /* DataPicker+PickerViewDelegate.swift */; };
		426939941EAB8EE000761FDE /* DataPicker.strings in Resources */ = {isa = PBXBuildFile; fileRef = 426939961EAB8EE000761FDE /* DataPicker.strings */; };
		426939991EAC43E300761FDE /* DataPickerDelegate.swift in Sources */ = {isa = PBXBuildFile; fileRef = 426939981EAC43E300761FDE /* DataPickerDelegate.swift */; };
		4269399D1EAC478600761FDE /* Logger.swift in Sources */ = {isa = PBXBuildFile; fileRef = 4269399C1EAC478600761FDE /* Logger.swift */; };
		4269399F1EAC4B3100761FDE /* DataPickerItem.swift in Sources */ = {isa = PBXBuildFile; fileRef = 4269399E1EAC4B3100761FDE /* DataPickerItem.swift */; };
		426939A11EAC4C7700761FDE /* DataPickerColumn.swift in Sources */ = {isa = PBXBuildFile; fileRef = 426939A01EAC4C7700761FDE /* DataPickerColumn.swift */; };
		427373E41ED8FFA200DD8891 /* GestureFilterView.swift in Sources */ = {isa = PBXBuildFile; fileRef = 427373E31ED8FFA200DD8891 /* GestureFilterView.swift */; };
		428EAB481EDC16BC006ED22B /* DeviceInfoAccessor+Specs.swift in Sources */ = {isa = PBXBuildFile; fileRef = 428EAB471EDC16BC006ED22B /* DeviceInfoAccessor+Specs.swift */; };
		428EAB5E1EDC4BD3006ED22B /* DeviceHelper.swift in Sources */ = {isa = PBXBuildFile; fileRef = 428EAB5A1EDC4BD3006ED22B /* DeviceHelper.swift */; };
		428EAB5F1EDC4BD3006ED22B /* DeviceHelper+MailComposeViewControllerDelegate.swift in Sources */ = {isa = PBXBuildFile; fileRef = 428EAB5B1EDC4BD3006ED22B /* DeviceHelper+MailComposeViewControllerDelegate.swift */; };
		428EAB601EDC4BD3006ED22B /* DeviceHelperDelegate.swift in Sources */ = {isa = PBXBuildFile; fileRef = 428EAB5C1EDC4BD3006ED22B /* DeviceHelperDelegate.swift */; };
		428EAB611EDC4BD3006ED22B /* DeviceHelperDelegate+Optional.swift in Sources */ = {isa = PBXBuildFile; fileRef = 428EAB5D1EDC4BD3006ED22B /* DeviceHelperDelegate+Optional.swift */; };
		428EAB641EDC4BE3006ED22B /* DeviceHelper.strings in Resources */ = {isa = PBXBuildFile; fileRef = 428EAB661EDC4BE3006ED22B /* DeviceHelper.strings */; };
		42EE74B61EDCC72100AD982A /* FileInfoAccessor.swift in Sources */ = {isa = PBXBuildFile; fileRef = 42EE74B51EDCC72100AD982A /* FileInfoAccessor.swift */; };
/* End PBXBuildFile section */

/* Begin PBXContainerItemProxy section */
		28D1BFF91EDCEC7300290999 /* PBXContainerItemProxy */ = {
			isa = PBXContainerItemProxy;
			containerPortal = 422DB3BB1EAA30B300377AB5 /* Project object */;
			proxyType = 1;
			remoteGlobalIDString = 422DB3C31EAA30B300377AB5;
			remoteInfo = AdvancedUIKit;
		};
		422DB41A1EAA3CF100377AB5 /* PBXContainerItemProxy */ = {
			isa = PBXContainerItemProxy;
			containerPortal = 422DB3BB1EAA30B300377AB5 /* Project object */;
			proxyType = 1;
			remoteGlobalIDString = 422DB4051EAA3CF100377AB5;
			remoteInfo = AdvancedUIKitHost;
		};
/* End PBXContainerItemProxy section */

/* Begin PBXCopyFilesBuildPhase section */
		28D1BFFB1EDCEC7300290999 /* Embed Frameworks */ = {
			isa = PBXCopyFilesBuildPhase;
			buildActionMask = 2147483647;
			dstPath = "";
			dstSubfolderSpec = 10;
			files = (
				28D1BFF81EDCEC7300290999 /* AdvancedUIKit.framework in Embed Frameworks */,
			);
			name = "Embed Frameworks";
			runOnlyForDeploymentPostprocessing = 0;
		};
/* End PBXCopyFilesBuildPhase section */

/* Begin PBXFileReference section */
		284E5C461EDD103400C3CC86 /* en */ = {isa = PBXFileReference; lastKnownFileType = text.plist.strings; name = en; path = en.lproj/MessageHelper.strings; sourceTree = "<group>"; };
		284E5C481EDD103600C3CC86 /* zh-Hans */ = {isa = PBXFileReference; lastKnownFileType = text.plist.strings; name = "zh-Hans"; path = "zh-Hans.lproj/MessageHelper.strings"; sourceTree = "<group>"; };
		284E5C491EDD104C00C3CC86 /* CustomizedMessageHelper.swift */ = {isa = PBXFileReference; fileEncoding = 4; lastKnownFileType = sourcecode.swift; path = CustomizedMessageHelper.swift; sourceTree = "<group>"; };
		284E5C4B1EDD104C00C3CC86 /* CustomizedMessageHelperDelegate.swift */ = {isa = PBXFileReference; fileEncoding = 4; lastKnownFileType = sourcecode.swift; path = CustomizedMessageHelperDelegate.swift; sourceTree = "<group>"; };
		284E5C4C1EDD104C00C3CC86 /* MessageHelper.swift */ = {isa = PBXFileReference; fileEncoding = 4; lastKnownFileType = sourcecode.swift; path = MessageHelper.swift; sourceTree = "<group>"; };
		284E5C4E1EDD104C00C3CC86 /* MessageHelperDelegate.swift */ = {isa = PBXFileReference; fileEncoding = 4; lastKnownFileType = sourcecode.swift; path = MessageHelperDelegate.swift; sourceTree = "<group>"; };
		284E5C4F1EDD104C00C3CC86 /* MessageType.swift */ = {isa = PBXFileReference; fileEncoding = 4; lastKnownFileType = sourcecode.swift; path = MessageType.swift; sourceTree = "<group>"; };
		284E5C571EDD17C200C3CC86 /* MessageHelperDelegate+Optional.swift */ = {isa = PBXFileReference; fileEncoding = 4; lastKnownFileType = sourcecode.swift; path = "MessageHelperDelegate+Optional.swift"; sourceTree = "<group>"; };
		284E5C5A1EDD337500C3CC86 /* MessageViewController.swift */ = {isa = PBXFileReference; fileEncoding = 4; lastKnownFileType = sourcecode.swift; path = MessageViewController.swift; sourceTree = "<group>"; };
		284E5C5C1EDD36BF00C3CC86 /* MessageViewController+MessageHelperDelegate.swift */ = {isa = PBXFileReference; fileEncoding = 4; lastKnownFileType = sourcecode.swift; path = "MessageViewController+MessageHelperDelegate.swift"; sourceTree = "<group>"; };
		28D1BFF01EDCE0F100290999 /* DeviceViewController.swift */ = {isa = PBXFileReference; fileEncoding = 4; lastKnownFileType = sourcecode.swift; path = DeviceViewController.swift; sourceTree = "<group>"; };
		28D1BFFC1EDCF1B900290999 /* DeviceViewController+DeviceHelperDelegate.swift */ = {isa = PBXFileReference; fileEncoding = 4; lastKnownFileType = sourcecode.swift; path = "DeviceViewController+DeviceHelperDelegate.swift"; sourceTree = "<group>"; };
		28D1BFFE1EDCF21E00290999 /* PickerViewController+DataPickerDelegate.swift */ = {isa = PBXFileReference; fileEncoding = 4; lastKnownFileType = sourcecode.swift; path = "PickerViewController+DataPickerDelegate.swift"; sourceTree = "<group>"; };
		28D1C0011EDCF3EF00290999 /* MainViewController.swift */ = {isa = PBXFileReference; fileEncoding = 4; lastKnownFileType = sourcecode.swift; path = MainViewController.swift; sourceTree = "<group>"; };
		28D1C0031EDCF42A00290999 /* MainViewController+TableViewDataSource.swift */ = {isa = PBXFileReference; fileEncoding = 4; lastKnownFileType = sourcecode.swift; path = "MainViewController+TableViewDataSource.swift"; sourceTree = "<group>"; };
		28D1C0051EDCF43700290999 /* MainViewController+TableViewDelegate.swift */ = {isa = PBXFileReference; fileEncoding = 4; lastKnownFileType = sourcecode.swift; path = "MainViewController+TableViewDelegate.swift"; sourceTree = "<group>"; };
		28D1C0071EDCF5E100290999 /* FeatureTableCell.swift */ = {isa = PBXFileReference; fileEncoding = 4; lastKnownFileType = sourcecode.swift; path = FeatureTableCell.swift; sourceTree = "<group>"; };
		28D1C0091EDCF62900290999 /* Feature.swift */ = {isa = PBXFileReference; fileEncoding = 4; lastKnownFileType = sourcecode.swift; path = Feature.swift; sourceTree = "<group>"; };
		28F550F11EDBF49D006646A3 /* DeviceInfoAccessor.swift */ = {isa = PBXFileReference; fileEncoding = 4; lastKnownFileType = sourcecode.swift; path = DeviceInfoAccessor.swift; sourceTree = "<group>"; };
		28F550F21EDBF49D006646A3 /* DeviceType.swift */ = {isa = PBXFileReference; fileEncoding = 4; lastKnownFileType = sourcecode.swift; path = DeviceType.swift; sourceTree = "<group>"; };
		422DB3C41EAA30B300377AB5 /* AdvancedUIKit.framework */ = {isa = PBXFileReference; explicitFileType = wrapper.framework; includeInIndex = 0; path = AdvancedUIKit.framework; sourceTree = BUILT_PRODUCTS_DIR; };
		422DB3C81EAA30B300377AB5 /* Info.plist */ = {isa = PBXFileReference; lastKnownFileType = text.plist.xml; path = Info.plist; sourceTree = "<group>"; };
		422DB4061EAA3CF100377AB5 /* AdvancedUIKitHost.app */ = {isa = PBXFileReference; explicitFileType = wrapper.application; includeInIndex = 0; path = AdvancedUIKitHost.app; sourceTree = BUILT_PRODUCTS_DIR; };
		422DB4081EAA3CF100377AB5 /* AppDelegate.swift */ = {isa = PBXFileReference; lastKnownFileType = sourcecode.swift; path = AppDelegate.swift; sourceTree = "<group>"; };
		422DB40D1EAA3CF100377AB5 /* Base */ = {isa = PBXFileReference; lastKnownFileType = file.storyboard; name = Base; path = Base.lproj/Main.storyboard; sourceTree = "<group>"; };
		422DB40F1EAA3CF100377AB5 /* Assets.xcassets */ = {isa = PBXFileReference; lastKnownFileType = folder.assetcatalog; path = Assets.xcassets; sourceTree = "<group>"; };
		422DB4121EAA3CF100377AB5 /* Base */ = {isa = PBXFileReference; lastKnownFileType = file.storyboard; name = Base; path = Base.lproj/LaunchScreen.storyboard; sourceTree = "<group>"; };
		422DB4141EAA3CF100377AB5 /* Info.plist */ = {isa = PBXFileReference; lastKnownFileType = text.plist.xml; path = Info.plist; sourceTree = "<group>"; };
		422DB4191EAA3CF100377AB5 /* AdvancedUIKitTests.xctest */ = {isa = PBXFileReference; explicitFileType = wrapper.cfbundle; includeInIndex = 0; path = AdvancedUIKitTests.xctest; sourceTree = BUILT_PRODUCTS_DIR; };
		422DB4281EAA3D2A00377AB5 /* Info.plist */ = {isa = PBXFileReference; fileEncoding = 4; lastKnownFileType = text.plist.xml; path = Info.plist; sourceTree = "<group>"; };
		425DCD111EB357A800A0ED26 /* View+Animation.swift */ = {isa = PBXFileReference; fileEncoding = 4; lastKnownFileType = sourcecode.swift; path = "View+Animation.swift"; sourceTree = "<group>"; };
		425DCD131EB3689000A0ED26 /* View+Gesture.swift */ = {isa = PBXFileReference; fileEncoding = 4; lastKnownFileType = sourcecode.swift; path = "View+Gesture.swift"; sourceTree = "<group>"; };
		425DCD151EB36EA100A0ED26 /* String+Localizer.swift */ = {isa = PBXFileReference; fileEncoding = 4; lastKnownFileType = sourcecode.swift; path = "String+Localizer.swift"; sourceTree = "<group>"; };
		425EAD4C1EAC6EDB001F1F81 /* RootView.swift */ = {isa = PBXFileReference; fileEncoding = 4; lastKnownFileType = sourcecode.swift; path = RootView.swift; sourceTree = "<group>"; };
		425EAD4E1EAC6F5E001F1F81 /* RootViewVisible.swift */ = {isa = PBXFileReference; fileEncoding = 4; lastKnownFileType = sourcecode.swift; path = RootViewVisible.swift; sourceTree = "<group>"; };
		425EAD501EAC6F71001F1F81 /* RouteViewInitializable.swift */ = {isa = PBXFileReference; fileEncoding = 4; lastKnownFileType = sourcecode.swift; path = RouteViewInitializable.swift; sourceTree = "<group>"; };
		426939751EAB01CD00761FDE /* Label+Dynamic.swift */ = {isa = PBXFileReference; fileEncoding = 4; lastKnownFileType = sourcecode.swift; path = "Label+Dynamic.swift"; sourceTree = "<group>"; };
		426939781EAB151400761FDE /* LabelViewController.swift */ = {isa = PBXFileReference; fileEncoding = 4; lastKnownFileType = sourcecode.swift; path = LabelViewController.swift; sourceTree = "<group>"; };
		4269397B1EAB253700761FDE /* String+Measurer.swift */ = {isa = PBXFileReference; fileEncoding = 4; lastKnownFileType = sourcecode.swift; path = "String+Measurer.swift"; sourceTree = "<group>"; };
		4269397E1EAB43A400761FDE /* String+Helper.swift */ = {isa = PBXFileReference; fileEncoding = 4; lastKnownFileType = sourcecode.swift; path = "String+Helper.swift"; sourceTree = "<group>"; };
		426939821EAB65A800761FDE /* PickerViewController.swift */ = {isa = PBXFileReference; fileEncoding = 4; lastKnownFileType = sourcecode.swift; path = PickerViewController.swift; sourceTree = "<group>"; };
		426939841EAB673E00761FDE /* DataPicker.swift */ = {isa = PBXFileReference; fileEncoding = 4; lastKnownFileType = sourcecode.swift; path = DataPicker.swift; sourceTree = "<group>"; };
		426939861EAB675500761FDE /* DataPicker+PickerViewDataSource.swift */ = {isa = PBXFileReference; fileEncoding = 4; lastKnownFileType = sourcecode.swift; path = "DataPicker+PickerViewDataSource.swift"; sourceTree = "<group>"; };
		426939881EAB676300761FDE /* DataPicker+PickerViewDelegate.swift */ = {isa = PBXFileReference; fileEncoding = 4; lastKnownFileType = sourcecode.swift; path = "DataPicker+PickerViewDelegate.swift"; sourceTree = "<group>"; };
		426939951EAB8EE000761FDE /* en */ = {isa = PBXFileReference; lastKnownFileType = text.plist.strings; name = en; path = en.lproj/DataPicker.strings; sourceTree = "<group>"; };
		426939971EAB8EF500761FDE /* zh-Hans */ = {isa = PBXFileReference; lastKnownFileType = text.plist.strings; name = "zh-Hans"; path = "zh-Hans.lproj/DataPicker.strings"; sourceTree = "<group>"; };
		426939981EAC43E300761FDE /* DataPickerDelegate.swift */ = {isa = PBXFileReference; fileEncoding = 4; lastKnownFileType = sourcecode.swift; path = DataPickerDelegate.swift; sourceTree = "<group>"; };
		4269399C1EAC478600761FDE /* Logger.swift */ = {isa = PBXFileReference; fileEncoding = 4; lastKnownFileType = sourcecode.swift; path = Logger.swift; sourceTree = "<group>"; };
		4269399E1EAC4B3100761FDE /* DataPickerItem.swift */ = {isa = PBXFileReference; fileEncoding = 4; lastKnownFileType = sourcecode.swift; path = DataPickerItem.swift; sourceTree = "<group>"; };
		426939A01EAC4C7700761FDE /* DataPickerColumn.swift */ = {isa = PBXFileReference; fileEncoding = 4; lastKnownFileType = sourcecode.swift; path = DataPickerColumn.swift; sourceTree = "<group>"; };
		427373E31ED8FFA200DD8891 /* GestureFilterView.swift */ = {isa = PBXFileReference; fileEncoding = 4; lastKnownFileType = sourcecode.swift; path = GestureFilterView.swift; sourceTree = "<group>"; };
		428EAB471EDC16BC006ED22B /* DeviceInfoAccessor+Specs.swift */ = {isa = PBXFileReference; fileEncoding = 4; lastKnownFileType = sourcecode.swift; path = "DeviceInfoAccessor+Specs.swift"; sourceTree = "<group>"; };
		428EAB5A1EDC4BD3006ED22B /* DeviceHelper.swift */ = {isa = PBXFileReference; fileEncoding = 4; lastKnownFileType = sourcecode.swift; path = DeviceHelper.swift; sourceTree = "<group>"; };
		428EAB5B1EDC4BD3006ED22B /* DeviceHelper+MailComposeViewControllerDelegate.swift */ = {isa = PBXFileReference; fileEncoding = 4; lastKnownFileType = sourcecode.swift; path = "DeviceHelper+MailComposeViewControllerDelegate.swift"; sourceTree = "<group>"; };
		428EAB5C1EDC4BD3006ED22B /* DeviceHelperDelegate.swift */ = {isa = PBXFileReference; fileEncoding = 4; lastKnownFileType = sourcecode.swift; path = DeviceHelperDelegate.swift; sourceTree = "<group>"; };
		428EAB5D1EDC4BD3006ED22B /* DeviceHelperDelegate+Optional.swift */ = {isa = PBXFileReference; fileEncoding = 4; lastKnownFileType = sourcecode.swift; path = "DeviceHelperDelegate+Optional.swift"; sourceTree = "<group>"; };
		428EAB651EDC4BE3006ED22B /* en */ = {isa = PBXFileReference; lastKnownFileType = text.plist.strings; name = en; path = en.lproj/DeviceHelper.strings; sourceTree = "<group>"; };
		428EAB671EDC4BE5006ED22B /* zh-Hans */ = {isa = PBXFileReference; lastKnownFileType = text.plist.strings; name = "zh-Hans"; path = "zh-Hans.lproj/DeviceHelper.strings"; sourceTree = "<group>"; };
		42EE74B51EDCC72100AD982A /* FileInfoAccessor.swift */ = {isa = PBXFileReference; fileEncoding = 4; lastKnownFileType = sourcecode.swift; path = FileInfoAccessor.swift; sourceTree = "<group>"; };
		4FD9269D2C60EB827C9515A3 /* Pods-AdvancedUIKitTests.debug.xcconfig */ = {isa = PBXFileReference; includeInIndex = 1; lastKnownFileType = text.xcconfig; name = "Pods-AdvancedUIKitTests.debug.xcconfig"; path = "Pods/Target Support Files/Pods-AdvancedUIKitTests/Pods-AdvancedUIKitTests.debug.xcconfig"; sourceTree = "<group>"; };
		EBB5211EA877ED62CA30076E /* Pods_AdvancedUIKitTests.framework */ = {isa = PBXFileReference; explicitFileType = wrapper.framework; includeInIndex = 0; path = Pods_AdvancedUIKitTests.framework; sourceTree = BUILT_PRODUCTS_DIR; };
		F0CF1A07C94DBA7B81364EAC /* Pods-AdvancedUIKitTests.release.xcconfig */ = {isa = PBXFileReference; includeInIndex = 1; lastKnownFileType = text.xcconfig; name = "Pods-AdvancedUIKitTests.release.xcconfig"; path = "Pods/Target Support Files/Pods-AdvancedUIKitTests/Pods-AdvancedUIKitTests.release.xcconfig"; sourceTree = "<group>"; };
/* End PBXFileReference section */

/* Begin PBXFrameworksBuildPhase section */
		422DB3C01EAA30B300377AB5 /* Frameworks */ = {
			isa = PBXFrameworksBuildPhase;
			buildActionMask = 2147483647;
			files = (
			);
			runOnlyForDeploymentPostprocessing = 0;
		};
		422DB4031EAA3CF100377AB5 /* Frameworks */ = {
			isa = PBXFrameworksBuildPhase;
			buildActionMask = 2147483647;
			files = (
				28D1BFF71EDCEC7300290999 /* AdvancedUIKit.framework in Frameworks */,
			);
			runOnlyForDeploymentPostprocessing = 0;
		};
		422DB4161EAA3CF100377AB5 /* Frameworks */ = {
			isa = PBXFrameworksBuildPhase;
			buildActionMask = 2147483647;
			files = (
				1753AF0D171584EB52D532B7 /* Pods_AdvancedUIKitTests.framework in Frameworks */,
			);
			runOnlyForDeploymentPostprocessing = 0;
		};
/* End PBXFrameworksBuildPhase section */

/* Begin PBXGroup section */
		284E5C421EDD0FE500C3CC86 /* Message */ = {
			isa = PBXGroup;
			children = (
				284E5C491EDD104C00C3CC86 /* CustomizedMessageHelper.swift */,
				284E5C4B1EDD104C00C3CC86 /* CustomizedMessageHelperDelegate.swift */,
				284E5C471EDD103400C3CC86 /* MessageHelper.strings */,
				284E5C4C1EDD104C00C3CC86 /* MessageHelper.swift */,
				284E5C4E1EDD104C00C3CC86 /* MessageHelperDelegate.swift */,
				284E5C571EDD17C200C3CC86 /* MessageHelperDelegate+Optional.swift */,
				284E5C4F1EDD104C00C3CC86 /* MessageType.swift */,
			);
			path = Message;
			sourceTree = "<group>";
		};
		284E5C591EDD324400C3CC86 /* Message */ = {
			isa = PBXGroup;
			children = (
				284E5C5A1EDD337500C3CC86 /* MessageViewController.swift */,
				284E5C5C1EDD36BF00C3CC86 /* MessageViewController+MessageHelperDelegate.swift */,
			);
			path = Message;
			sourceTree = "<group>";
		};
		28D1BFEF1EDCE0E100290999 /* Device */ = {
			isa = PBXGroup;
			children = (
				28D1BFF01EDCE0F100290999 /* DeviceViewController.swift */,
				28D1BFFC1EDCF1B900290999 /* DeviceViewController+DeviceHelperDelegate.swift */,
			);
			path = Device;
			sourceTree = "<group>";
		};
		28D1C0001EDCF3DA00290999 /* Main */ = {
			isa = PBXGroup;
			children = (
				28D1C0091EDCF62900290999 /* Feature.swift */,
				28D1C0071EDCF5E100290999 /* FeatureTableCell.swift */,
				28D1C0011EDCF3EF00290999 /* MainViewController.swift */,
				28D1C0031EDCF42A00290999 /* MainViewController+TableViewDataSource.swift */,
				28D1C0051EDCF43700290999 /* MainViewController+TableViewDelegate.swift */,
			);
			path = Main;
			sourceTree = "<group>";
		};
		28F550F01EDBF490006646A3 /* Device */ = {
			isa = PBXGroup;
			children = (
				428EAB661EDC4BE3006ED22B /* DeviceHelper.strings */,
				428EAB5A1EDC4BD3006ED22B /* DeviceHelper.swift */,
				428EAB5B1EDC4BD3006ED22B /* DeviceHelper+MailComposeViewControllerDelegate.swift */,
				428EAB5C1EDC4BD3006ED22B /* DeviceHelperDelegate.swift */,
				428EAB5D1EDC4BD3006ED22B /* DeviceHelperDelegate+Optional.swift */,
				28F550F11EDBF49D006646A3 /* DeviceInfoAccessor.swift */,
				28F550F21EDBF49D006646A3 /* DeviceType.swift */,
			);
			path = Device;
			sourceTree = "<group>";
		};
		422DB3BA1EAA30B300377AB5 = {
			isa = PBXGroup;
			children = (
				422DB3C61EAA30B300377AB5 /* AdvancedUIKit */,
				422DB4261EAA3D2A00377AB5 /* AdvancedUIKitTests */,
				422DB4071EAA3CF100377AB5 /* AdvancedUIKitHost */,
				422DB3C51EAA30B300377AB5 /* Products */,
				C0272E9011EE625BC09036CD /* Pods */,
				CBAC1959A0FE1FE370BF95C1 /* Frameworks */,
			);
			sourceTree = "<group>";
		};
		422DB3C51EAA30B300377AB5 /* Products */ = {
			isa = PBXGroup;
			children = (
				422DB3C41EAA30B300377AB5 /* AdvancedUIKit.framework */,
				422DB4061EAA3CF100377AB5 /* AdvancedUIKitHost.app */,
				422DB4191EAA3CF100377AB5 /* AdvancedUIKitTests.xctest */,
			);
			name = Products;
			sourceTree = "<group>";
		};
		422DB3C61EAA30B300377AB5 /* AdvancedUIKit */ = {
			isa = PBXGroup;
			children = (
				28F550F01EDBF490006646A3 /* Device */,
				422DB3C81EAA30B300377AB5 /* Info.plist */,
				4269397D1EAB439700761FDE /* Internal */,
				426939741EAB01CD00761FDE /* Label */,
				284E5C421EDD0FE500C3CC86 /* Message */,
				426939801EAB650F00761FDE /* Picker */,
				4269397A1EAB253700761FDE /* String */,
				422DB4351EAAD2D800377AB5 /* View */,
			);
			path = AdvancedUIKit;
			sourceTree = "<group>";
		};
		422DB4071EAA3CF100377AB5 /* AdvancedUIKitHost */ = {
			isa = PBXGroup;
			children = (
				422DB4081EAA3CF100377AB5 /* AppDelegate.swift */,
				422DB40F1EAA3CF100377AB5 /* Assets.xcassets */,
				28D1BFEF1EDCE0E100290999 /* Device */,
				422DB4141EAA3CF100377AB5 /* Info.plist */,
				426939771EAB150700761FDE /* Label */,
				422DB4111EAA3CF100377AB5 /* LaunchScreen.storyboard */,
				28D1C0001EDCF3DA00290999 /* Main */,
				422DB40C1EAA3CF100377AB5 /* Main.storyboard */,
				284E5C591EDD324400C3CC86 /* Message */,
				426939811EAB652C00761FDE /* Picker */,
			);
			path = AdvancedUIKitHost;
			sourceTree = "<group>";
		};
		422DB4261EAA3D2A00377AB5 /* AdvancedUIKitTests */ = {
			isa = PBXGroup;
			children = (
				428EAB461EDC1683006ED22B /* Device */,
				422DB4281EAA3D2A00377AB5 /* Info.plist */,
			);
			path = AdvancedUIKitTests;
			sourceTree = "<group>";
		};
		422DB4351EAAD2D800377AB5 /* View */ = {
			isa = PBXGroup;
			children = (
				425EAD4C1EAC6EDB001F1F81 /* RootView.swift */,
				425EAD4E1EAC6F5E001F1F81 /* RootViewVisible.swift */,
				425EAD501EAC6F71001F1F81 /* RouteViewInitializable.swift */,
				425DCD111EB357A800A0ED26 /* View+Animation.swift */,
				425DCD131EB3689000A0ED26 /* View+Gesture.swift */,
				427373E31ED8FFA200DD8891 /* GestureFilterView.swift */,
			);
			path = View;
			sourceTree = "<group>";
		};
		426939741EAB01CD00761FDE /* Label */ = {
			isa = PBXGroup;
			children = (
				426939751EAB01CD00761FDE /* Label+Dynamic.swift */,
			);
			path = Label;
			sourceTree = "<group>";
		};
		426939771EAB150700761FDE /* Label */ = {
			isa = PBXGroup;
			children = (
				426939781EAB151400761FDE /* LabelViewController.swift */,
			);
			path = Label;
			sourceTree = "<group>";
		};
		4269397A1EAB253700761FDE /* String */ = {
			isa = PBXGroup;
			children = (
				4269397B1EAB253700761FDE /* String+Measurer.swift */,
			);
			path = String;
			sourceTree = "<group>";
		};
		4269397D1EAB439700761FDE /* Internal */ = {
			isa = PBXGroup;
			children = (
				42EE74B51EDCC72100AD982A /* FileInfoAccessor.swift */,
				4269399C1EAC478600761FDE /* Logger.swift */,
				425DCD151EB36EA100A0ED26 /* String+Localizer.swift */,
				4269397E1EAB43A400761FDE /* String+Helper.swift */,
			);
			path = Internal;
			sourceTree = "<group>";
		};
		426939801EAB650F00761FDE /* Picker */ = {
			isa = PBXGroup;
			children = (
				426939961EAB8EE000761FDE /* DataPicker.strings */,
				426939841EAB673E00761FDE /* DataPicker.swift */,
				426939861EAB675500761FDE /* DataPicker+PickerViewDataSource.swift */,
				426939881EAB676300761FDE /* DataPicker+PickerViewDelegate.swift */,
				426939A01EAC4C7700761FDE /* DataPickerColumn.swift */,
				426939981EAC43E300761FDE /* DataPickerDelegate.swift */,
				4269399E1EAC4B3100761FDE /* DataPickerItem.swift */,
			);
			path = Picker;
			sourceTree = "<group>";
		};
		426939811EAB652C00761FDE /* Picker */ = {
			isa = PBXGroup;
			children = (
				426939821EAB65A800761FDE /* PickerViewController.swift */,
				28D1BFFE1EDCF21E00290999 /* PickerViewController+DataPickerDelegate.swift */,
			);
			path = Picker;
			sourceTree = "<group>";
		};
		428EAB461EDC1683006ED22B /* Device */ = {
			isa = PBXGroup;
			children = (
				428EAB471EDC16BC006ED22B /* DeviceInfoAccessor+Specs.swift */,
			);
			path = Device;
			sourceTree = "<group>";
		};
		C0272E9011EE625BC09036CD /* Pods */ = {
			isa = PBXGroup;
			children = (
				4FD9269D2C60EB827C9515A3 /* Pods-AdvancedUIKitTests.debug.xcconfig */,
				F0CF1A07C94DBA7B81364EAC /* Pods-AdvancedUIKitTests.release.xcconfig */,
			);
			name = Pods;
			sourceTree = "<group>";
		};
		CBAC1959A0FE1FE370BF95C1 /* Frameworks */ = {
			isa = PBXGroup;
			children = (
				EBB5211EA877ED62CA30076E /* Pods_AdvancedUIKitTests.framework */,
			);
			name = Frameworks;
			sourceTree = "<group>";
		};
/* End PBXGroup section */

/* Begin PBXHeadersBuildPhase section */
		422DB3C11EAA30B300377AB5 /* Headers */ = {
			isa = PBXHeadersBuildPhase;
			buildActionMask = 2147483647;
			files = (
			);
			runOnlyForDeploymentPostprocessing = 0;
		};
/* End PBXHeadersBuildPhase section */

/* Begin PBXNativeTarget section */
		422DB3C31EAA30B300377AB5 /* AdvancedUIKit */ = {
			isa = PBXNativeTarget;
			buildConfigurationList = 422DB3D81EAA30B300377AB5 /* Build configuration list for PBXNativeTarget "AdvancedUIKit" */;
			buildPhases = (
				422DB3BF1EAA30B300377AB5 /* Sources */,
				422DB3C01EAA30B300377AB5 /* Frameworks */,
				422DB3C11EAA30B300377AB5 /* Headers */,
				422DB3C21EAA30B300377AB5 /* Resources */,
			);
			buildRules = (
			);
			dependencies = (
			);
			name = AdvancedUIKit;
			productName = AdvancedUIKit;
			productReference = 422DB3C41EAA30B300377AB5 /* AdvancedUIKit.framework */;
			productType = "com.apple.product-type.framework";
		};
		422DB4051EAA3CF100377AB5 /* AdvancedUIKitHost */ = {
			isa = PBXNativeTarget;
			buildConfigurationList = 422DB4201EAA3CF100377AB5 /* Build configuration list for PBXNativeTarget "AdvancedUIKitHost" */;
			buildPhases = (
				422DB4021EAA3CF100377AB5 /* Sources */,
				422DB4031EAA3CF100377AB5 /* Frameworks */,
				422DB4041EAA3CF100377AB5 /* Resources */,
				28D1BFFB1EDCEC7300290999 /* Embed Frameworks */,
			);
			buildRules = (
			);
			dependencies = (
				28D1BFFA1EDCEC7300290999 /* PBXTargetDependency */,
			);
			name = AdvancedUIKitHost;
			productName = AdvancedUIKitHost;
			productReference = 422DB4061EAA3CF100377AB5 /* AdvancedUIKitHost.app */;
			productType = "com.apple.product-type.application";
		};
		422DB4181EAA3CF100377AB5 /* AdvancedUIKitTests */ = {
			isa = PBXNativeTarget;
			buildConfigurationList = 422DB4231EAA3CF100377AB5 /* Build configuration list for PBXNativeTarget "AdvancedUIKitTests" */;
			buildPhases = (
				0AE15A75752978FE6C7DBC84 /* [CP] Check Pods Manifest.lock */,
				422DB4151EAA3CF100377AB5 /* Sources */,
				422DB4161EAA3CF100377AB5 /* Frameworks */,
				422DB4171EAA3CF100377AB5 /* Resources */,
				7C34FC7B5BE743A66DA27DC5 /* [CP] Embed Pods Frameworks */,
				2E7BACCB82A6B8146203F566 /* [CP] Copy Pods Resources */,
			);
			buildRules = (
			);
			dependencies = (
				422DB41B1EAA3CF100377AB5 /* PBXTargetDependency */,
			);
			name = AdvancedUIKitTests;
			productName = AdvancedUIKitHostUITests;
			productReference = 422DB4191EAA3CF100377AB5 /* AdvancedUIKitTests.xctest */;
			productType = "com.apple.product-type.bundle.ui-testing";
		};
/* End PBXNativeTarget section */

/* Begin PBXProject section */
		422DB3BB1EAA30B300377AB5 /* Project object */ = {
			isa = PBXProject;
			attributes = {
				LastSwiftUpdateCheck = 0830;
				LastUpgradeCheck = 0830;
				ORGANIZATIONNAME = Adamas;
				TargetAttributes = {
					422DB3C31EAA30B300377AB5 = {
						CreatedOnToolsVersion = 8.3.2;
						DevelopmentTeam = XN66S2NA25;
						LastSwiftMigration = 0830;
						ProvisioningStyle = Automatic;
					};
					422DB4051EAA3CF100377AB5 = {
						CreatedOnToolsVersion = 8.3.2;
						DevelopmentTeam = Y2XN2Z2HA2;
						ProvisioningStyle = Automatic;
					};
					422DB4181EAA3CF100377AB5 = {
						CreatedOnToolsVersion = 8.3.2;
						DevelopmentTeam = XN66S2NA25;
						LastSwiftMigration = 0830;
						ProvisioningStyle = Automatic;
						TestTargetID = 422DB4051EAA3CF100377AB5;
					};
				};
			};
			buildConfigurationList = 422DB3BE1EAA30B300377AB5 /* Build configuration list for PBXProject "AdvancedUIKit" */;
			compatibilityVersion = "Xcode 3.2";
			developmentRegion = English;
			hasScannedForEncodings = 0;
			knownRegions = (
				en,
				Base,
				"zh-Hans",
			);
			mainGroup = 422DB3BA1EAA30B300377AB5;
			productRefGroup = 422DB3C51EAA30B300377AB5 /* Products */;
			projectDirPath = "";
			projectRoot = "";
			targets = (
				422DB3C31EAA30B300377AB5 /* AdvancedUIKit */,
				422DB4051EAA3CF100377AB5 /* AdvancedUIKitHost */,
				422DB4181EAA3CF100377AB5 /* AdvancedUIKitTests */,
			);
		};
/* End PBXProject section */

/* Begin PBXResourcesBuildPhase section */
		422DB3C21EAA30B300377AB5 /* Resources */ = {
			isa = PBXResourcesBuildPhase;
			buildActionMask = 2147483647;
			files = (
				426939941EAB8EE000761FDE /* DataPicker.strings in Resources */,
				422DB42A1EAA3D2A00377AB5 /* Info.plist in Resources */,
				284E5C451EDD103400C3CC86 /* MessageHelper.strings in Resources */,
				428EAB641EDC4BE3006ED22B /* DeviceHelper.strings in Resources */,
			);
			runOnlyForDeploymentPostprocessing = 0;
		};
		422DB4041EAA3CF100377AB5 /* Resources */ = {
			isa = PBXResourcesBuildPhase;
			buildActionMask = 2147483647;
			files = (
				422DB4131EAA3CF100377AB5 /* LaunchScreen.storyboard in Resources */,
				422DB4101EAA3CF100377AB5 /* Assets.xcassets in Resources */,
				422DB40E1EAA3CF100377AB5 /* Main.storyboard in Resources */,
			);
			runOnlyForDeploymentPostprocessing = 0;
		};
		422DB4171EAA3CF100377AB5 /* Resources */ = {
			isa = PBXResourcesBuildPhase;
			buildActionMask = 2147483647;
			files = (
			);
			runOnlyForDeploymentPostprocessing = 0;
		};
/* End PBXResourcesBuildPhase section */

/* Begin PBXShellScriptBuildPhase section */
		0AE15A75752978FE6C7DBC84 /* [CP] Check Pods Manifest.lock */ = {
			isa = PBXShellScriptBuildPhase;
			buildActionMask = 2147483647;
			files = (
			);
			inputPaths = (
			);
			name = "[CP] Check Pods Manifest.lock";
			outputPaths = (
			);
			runOnlyForDeploymentPostprocessing = 0;
			shellPath = /bin/sh;
			shellScript = "diff \"${PODS_ROOT}/../Podfile.lock\" \"${PODS_ROOT}/Manifest.lock\" > /dev/null\nif [ $? != 0 ] ; then\n    # print error to STDERR\n    echo \"error: The sandbox is not in sync with the Podfile.lock. Run 'pod install' or update your CocoaPods installation.\" >&2\n    exit 1\nfi\n";
			showEnvVarsInLog = 0;
		};
		2E7BACCB82A6B8146203F566 /* [CP] Copy Pods Resources */ = {
			isa = PBXShellScriptBuildPhase;
			buildActionMask = 2147483647;
			files = (
			);
			inputPaths = (
			);
			name = "[CP] Copy Pods Resources";
			outputPaths = (
			);
			runOnlyForDeploymentPostprocessing = 0;
			shellPath = /bin/sh;
			shellScript = "\"${SRCROOT}/Pods/Target Support Files/Pods-AdvancedUIKitTests/Pods-AdvancedUIKitTests-resources.sh\"\n";
			showEnvVarsInLog = 0;
		};
		7C34FC7B5BE743A66DA27DC5 /* [CP] Embed Pods Frameworks */ = {
			isa = PBXShellScriptBuildPhase;
			buildActionMask = 2147483647;
			files = (
			);
			inputPaths = (
			);
			name = "[CP] Embed Pods Frameworks";
			outputPaths = (
			);
			runOnlyForDeploymentPostprocessing = 0;
			shellPath = /bin/sh;
			shellScript = "\"${SRCROOT}/Pods/Target Support Files/Pods-AdvancedUIKitTests/Pods-AdvancedUIKitTests-frameworks.sh\"\n";
			showEnvVarsInLog = 0;
		};
/* End PBXShellScriptBuildPhase section */

/* Begin PBXSourcesBuildPhase section */
		422DB3BF1EAA30B300377AB5 /* Sources */ = {
			isa = PBXSourcesBuildPhase;
			buildActionMask = 2147483647;
			files = (
				284E5C551EDD104C00C3CC86 /* MessageHelperDelegate.swift in Sources */,
				425EAD511EAC6F71001F1F81 /* RouteViewInitializable.swift in Sources */,
				425EAD4D1EAC6EDB001F1F81 /* RootView.swift in Sources */,
				284E5C581EDD17C200C3CC86 /* MessageHelperDelegate+Optional.swift in Sources */,
				425DCD141EB3689000A0ED26 /* View+Gesture.swift in Sources */,
				4269397C1EAB253700761FDE /* String+Measurer.swift in Sources */,
				425EAD4F1EAC6F5E001F1F81 /* RootViewVisible.swift in Sources */,
				426939991EAC43E300761FDE /* DataPickerDelegate.swift in Sources */,
				428EAB5F1EDC4BD3006ED22B /* DeviceHelper+MailComposeViewControllerDelegate.swift in Sources */,
				284E5C531EDD104C00C3CC86 /* MessageHelper.swift in Sources */,
				4269399F1EAC4B3100761FDE /* DataPickerItem.swift in Sources */,
				4269397F1EAB43A400761FDE /* String+Helper.swift in Sources */,
				426939761EAB01CD00761FDE /* Label+Dynamic.swift in Sources */,
				4269399D1EAC478600761FDE /* Logger.swift in Sources */,
				425DCD161EB36EA100A0ED26 /* String+Localizer.swift in Sources */,
				427373E41ED8FFA200DD8891 /* GestureFilterView.swift in Sources */,
				428EAB611EDC4BD3006ED22B /* DeviceHelperDelegate+Optional.swift in Sources */,
				426939851EAB673E00761FDE /* DataPicker.swift in Sources */,
				284E5C521EDD104C00C3CC86 /* CustomizedMessageHelperDelegate.swift in Sources */,
				28F550F31EDBF49D006646A3 /* DeviceInfoAccessor.swift in Sources */,
				42EE74B61EDCC72100AD982A /* FileInfoAccessor.swift in Sources */,
				428EAB601EDC4BD3006ED22B /* DeviceHelperDelegate.swift in Sources */,
				426939891EAB676300761FDE /* DataPicker+PickerViewDelegate.swift in Sources */,
				426939A11EAC4C7700761FDE /* DataPickerColumn.swift in Sources */,
				284E5C561EDD104C00C3CC86 /* MessageType.swift in Sources */,
				426939871EAB675500761FDE /* DataPicker+PickerViewDataSource.swift in Sources */,
				425DCD121EB357A800A0ED26 /* View+Animation.swift in Sources */,
				284E5C501EDD104C00C3CC86 /* CustomizedMessageHelper.swift in Sources */,
				428EAB5E1EDC4BD3006ED22B /* DeviceHelper.swift in Sources */,
				28F550F41EDBF49D006646A3 /* DeviceType.swift in Sources */,
			);
			runOnlyForDeploymentPostprocessing = 0;
		};
		422DB4021EAA3CF100377AB5 /* Sources */ = {
			isa = PBXSourcesBuildPhase;
			buildActionMask = 2147483647;
			files = (
				28D1C0021EDCF3EF00290999 /* MainViewController.swift in Sources */,
				426939831EAB65A800761FDE /* PickerViewController.swift in Sources */,
				28D1BFFD1EDCF1B900290999 /* DeviceViewController+DeviceHelperDelegate.swift in Sources */,
				28D1BFF11EDCE0F100290999 /* DeviceViewController.swift in Sources */,
				28D1C0061EDCF43700290999 /* MainViewController+TableViewDelegate.swift in Sources */,
				28D1C0041EDCF42A00290999 /* MainViewController+TableViewDataSource.swift in Sources */,
				28D1C0081EDCF5E100290999 /* FeatureTableCell.swift in Sources */,
				422DB4091EAA3CF100377AB5 /* AppDelegate.swift in Sources */,
				426939791EAB151400761FDE /* LabelViewController.swift in Sources */,
				28D1BFFF1EDCF21E00290999 /* PickerViewController+DataPickerDelegate.swift in Sources */,
				284E5C5D1EDD36BF00C3CC86 /* MessageViewController+MessageHelperDelegate.swift in Sources */,
				284E5C5B1EDD337500C3CC86 /* MessageViewController.swift in Sources */,
				28D1C00A1EDCF62900290999 /* Feature.swift in Sources */,
			);
			runOnlyForDeploymentPostprocessing = 0;
		};
		422DB4151EAA3CF100377AB5 /* Sources */ = {
			isa = PBXSourcesBuildPhase;
			buildActionMask = 2147483647;
			files = (
				428EAB481EDC16BC006ED22B /* DeviceInfoAccessor+Specs.swift in Sources */,
			);
			runOnlyForDeploymentPostprocessing = 0;
		};
/* End PBXSourcesBuildPhase section */

/* Begin PBXTargetDependency section */
		28D1BFFA1EDCEC7300290999 /* PBXTargetDependency */ = {
			isa = PBXTargetDependency;
			target = 422DB3C31EAA30B300377AB5 /* AdvancedUIKit */;
			targetProxy = 28D1BFF91EDCEC7300290999 /* PBXContainerItemProxy */;
		};
		422DB41B1EAA3CF100377AB5 /* PBXTargetDependency */ = {
			isa = PBXTargetDependency;
			target = 422DB4051EAA3CF100377AB5 /* AdvancedUIKitHost */;
			targetProxy = 422DB41A1EAA3CF100377AB5 /* PBXContainerItemProxy */;
		};
/* End PBXTargetDependency section */

/* Begin PBXVariantGroup section */
		284E5C471EDD103400C3CC86 /* MessageHelper.strings */ = {
			isa = PBXVariantGroup;
			children = (
				284E5C461EDD103400C3CC86 /* en */,
				284E5C481EDD103600C3CC86 /* zh-Hans */,
			);
			name = MessageHelper.strings;
			sourceTree = "<group>";
		};
		422DB40C1EAA3CF100377AB5 /* Main.storyboard */ = {
			isa = PBXVariantGroup;
			children = (
				422DB40D1EAA3CF100377AB5 /* Base */,
			);
			name = Main.storyboard;
			sourceTree = "<group>";
		};
		422DB4111EAA3CF100377AB5 /* LaunchScreen.storyboard */ = {
			isa = PBXVariantGroup;
			children = (
				422DB4121EAA3CF100377AB5 /* Base */,
			);
			name = LaunchScreen.storyboard;
			sourceTree = "<group>";
		};
		426939961EAB8EE000761FDE /* DataPicker.strings */ = {
			isa = PBXVariantGroup;
			children = (
				426939951EAB8EE000761FDE /* en */,
				426939971EAB8EF500761FDE /* zh-Hans */,
			);
			name = DataPicker.strings;
			sourceTree = "<group>";
		};
		428EAB661EDC4BE3006ED22B /* DeviceHelper.strings */ = {
			isa = PBXVariantGroup;
			children = (
				428EAB651EDC4BE3006ED22B /* en */,
				428EAB671EDC4BE5006ED22B /* zh-Hans */,
			);
			name = DeviceHelper.strings;
			sourceTree = "<group>";
		};
/* End PBXVariantGroup section */

/* Begin XCBuildConfiguration section */
		422DB3D61EAA30B300377AB5 /* Debug */ = {
			isa = XCBuildConfiguration;
			buildSettings = {
				ALWAYS_SEARCH_USER_PATHS = NO;
				CLANG_ANALYZER_LOCALIZABILITY_NONLOCALIZED = YES;
				CLANG_ANALYZER_NONNULL = YES;
				CLANG_ANALYZER_NUMBER_OBJECT_CONVERSION = YES_AGGRESSIVE;
				CLANG_CXX_LANGUAGE_STANDARD = "gnu++0x";
				CLANG_CXX_LIBRARY = "libc++";
				CLANG_ENABLE_MODULES = YES;
				CLANG_ENABLE_OBJC_ARC = YES;
				CLANG_WARN_BOOL_CONVERSION = YES;
				CLANG_WARN_CONSTANT_CONVERSION = YES;
				CLANG_WARN_DIRECT_OBJC_ISA_USAGE = YES_ERROR;
				CLANG_WARN_DOCUMENTATION_COMMENTS = YES;
				CLANG_WARN_EMPTY_BODY = YES;
				CLANG_WARN_ENUM_CONVERSION = YES;
				CLANG_WARN_INFINITE_RECURSION = YES;
				CLANG_WARN_INT_CONVERSION = YES;
				CLANG_WARN_OBJC_ROOT_CLASS = YES_ERROR;
				CLANG_WARN_SUSPICIOUS_MOVE = YES;
				CLANG_WARN_UNREACHABLE_CODE = YES;
				CLANG_WARN__DUPLICATE_METHOD_MATCH = YES;
				"CODE_SIGN_IDENTITY[sdk=iphoneos*]" = "iPhone Developer";
				COPY_PHASE_STRIP = NO;
				CURRENT_PROJECT_VERSION = 1;
				DEBUG_INFORMATION_FORMAT = dwarf;
				ENABLE_STRICT_OBJC_MSGSEND = YES;
				ENABLE_TESTABILITY = YES;
				GCC_C_LANGUAGE_STANDARD = gnu99;
				GCC_DYNAMIC_NO_PIC = NO;
				GCC_NO_COMMON_BLOCKS = YES;
				GCC_OPTIMIZATION_LEVEL = 0;
				GCC_PREPROCESSOR_DEFINITIONS = (
					"DEBUG=1",
					"$(inherited)",
				);
				GCC_WARN_64_TO_32_BIT_CONVERSION = YES;
				GCC_WARN_ABOUT_RETURN_TYPE = YES_ERROR;
				GCC_WARN_UNDECLARED_SELECTOR = YES;
				GCC_WARN_UNINITIALIZED_AUTOS = YES_AGGRESSIVE;
				GCC_WARN_UNUSED_FUNCTION = YES;
				GCC_WARN_UNUSED_VARIABLE = YES;
				IPHONEOS_DEPLOYMENT_TARGET = 10.3;
				MTL_ENABLE_DEBUG_INFO = YES;
				ONLY_ACTIVE_ARCH = YES;
				SDKROOT = iphoneos;
				SWIFT_ACTIVE_COMPILATION_CONDITIONS = DEBUG;
				SWIFT_OPTIMIZATION_LEVEL = "-Onone";
				TARGETED_DEVICE_FAMILY = "1,2";
				VERSIONING_SYSTEM = "apple-generic";
				VERSION_INFO_PREFIX = "";
			};
			name = Debug;
		};
		422DB3D71EAA30B300377AB5 /* Release */ = {
			isa = XCBuildConfiguration;
			buildSettings = {
				ALWAYS_SEARCH_USER_PATHS = NO;
				CLANG_ANALYZER_LOCALIZABILITY_NONLOCALIZED = YES;
				CLANG_ANALYZER_NONNULL = YES;
				CLANG_ANALYZER_NUMBER_OBJECT_CONVERSION = YES_AGGRESSIVE;
				CLANG_CXX_LANGUAGE_STANDARD = "gnu++0x";
				CLANG_CXX_LIBRARY = "libc++";
				CLANG_ENABLE_MODULES = YES;
				CLANG_ENABLE_OBJC_ARC = YES;
				CLANG_WARN_BOOL_CONVERSION = YES;
				CLANG_WARN_CONSTANT_CONVERSION = YES;
				CLANG_WARN_DIRECT_OBJC_ISA_USAGE = YES_ERROR;
				CLANG_WARN_DOCUMENTATION_COMMENTS = YES;
				CLANG_WARN_EMPTY_BODY = YES;
				CLANG_WARN_ENUM_CONVERSION = YES;
				CLANG_WARN_INFINITE_RECURSION = YES;
				CLANG_WARN_INT_CONVERSION = YES;
				CLANG_WARN_OBJC_ROOT_CLASS = YES_ERROR;
				CLANG_WARN_SUSPICIOUS_MOVE = YES;
				CLANG_WARN_UNREACHABLE_CODE = YES;
				CLANG_WARN__DUPLICATE_METHOD_MATCH = YES;
				"CODE_SIGN_IDENTITY[sdk=iphoneos*]" = "iPhone Developer";
				COPY_PHASE_STRIP = NO;
				CURRENT_PROJECT_VERSION = 1;
				DEBUG_INFORMATION_FORMAT = "dwarf-with-dsym";
				ENABLE_NS_ASSERTIONS = NO;
				ENABLE_STRICT_OBJC_MSGSEND = YES;
				GCC_C_LANGUAGE_STANDARD = gnu99;
				GCC_NO_COMMON_BLOCKS = YES;
				GCC_WARN_64_TO_32_BIT_CONVERSION = YES;
				GCC_WARN_ABOUT_RETURN_TYPE = YES_ERROR;
				GCC_WARN_UNDECLARED_SELECTOR = YES;
				GCC_WARN_UNINITIALIZED_AUTOS = YES_AGGRESSIVE;
				GCC_WARN_UNUSED_FUNCTION = YES;
				GCC_WARN_UNUSED_VARIABLE = YES;
				IPHONEOS_DEPLOYMENT_TARGET = 10.3;
				MTL_ENABLE_DEBUG_INFO = NO;
				SDKROOT = iphoneos;
				SWIFT_OPTIMIZATION_LEVEL = "-Owholemodule";
				TARGETED_DEVICE_FAMILY = "1,2";
				VALIDATE_PRODUCT = YES;
				VERSIONING_SYSTEM = "apple-generic";
				VERSION_INFO_PREFIX = "";
			};
			name = Release;
		};
		422DB3D91EAA30B300377AB5 /* Debug */ = {
			isa = XCBuildConfiguration;
			buildSettings = {
				CLANG_ENABLE_MODULES = YES;
				CODE_SIGN_IDENTITY = "";
				DEFINES_MODULE = YES;
				DEVELOPMENT_TEAM = XN66S2NA25;
				DYLIB_COMPATIBILITY_VERSION = 1;
				DYLIB_CURRENT_VERSION = 1;
				DYLIB_INSTALL_NAME_BASE = "@rpath";
				INFOPLIST_FILE = AdvancedUIKit/Info.plist;
				INSTALL_PATH = "$(LOCAL_LIBRARY_DIR)/Frameworks";
				LD_RUNPATH_SEARCH_PATHS = "$(inherited) @executable_path/Frameworks @loader_path/Frameworks";
				PRODUCT_BUNDLE_IDENTIFIER = com.adamas.uikit;
				PRODUCT_NAME = "$(TARGET_NAME)";
				SKIP_INSTALL = YES;
				SWIFT_OPTIMIZATION_LEVEL = "-Onone";
				SWIFT_VERSION = 3.0;
			};
			name = Debug;
		};
		422DB3DA1EAA30B300377AB5 /* Release */ = {
			isa = XCBuildConfiguration;
			buildSettings = {
				CLANG_ENABLE_MODULES = YES;
				CODE_SIGN_IDENTITY = "";
				DEFINES_MODULE = YES;
				DEVELOPMENT_TEAM = XN66S2NA25;
				DYLIB_COMPATIBILITY_VERSION = 1;
				DYLIB_CURRENT_VERSION = 1;
				DYLIB_INSTALL_NAME_BASE = "@rpath";
				INFOPLIST_FILE = AdvancedUIKit/Info.plist;
				INSTALL_PATH = "$(LOCAL_LIBRARY_DIR)/Frameworks";
				LD_RUNPATH_SEARCH_PATHS = "$(inherited) @executable_path/Frameworks @loader_path/Frameworks";
				PRODUCT_BUNDLE_IDENTIFIER = com.adamas.uikit;
				PRODUCT_NAME = "$(TARGET_NAME)";
				SKIP_INSTALL = YES;
				SWIFT_VERSION = 3.0;
			};
			name = Release;
		};
		422DB4211EAA3CF100377AB5 /* Debug */ = {
			isa = XCBuildConfiguration;
			buildSettings = {
				ALWAYS_EMBED_SWIFT_STANDARD_LIBRARIES = YES;
				ASSETCATALOG_COMPILER_APPICON_NAME = AppIcon;
				DEVELOPMENT_TEAM = Y2XN2Z2HA2;
				INFOPLIST_FILE = AdvancedUIKitHost/Info.plist;
				LD_RUNPATH_SEARCH_PATHS = "$(inherited) @executable_path/Frameworks";
				PRODUCT_BUNDLE_IDENTIFIER = com.adamas.uikitHost;
				PRODUCT_NAME = "$(TARGET_NAME)";
				SWIFT_VERSION = 3.0;
				TARGETED_DEVICE_FAMILY = "1,2";
			};
			name = Debug;
		};
		422DB4221EAA3CF100377AB5 /* Release */ = {
			isa = XCBuildConfiguration;
			buildSettings = {
				ALWAYS_EMBED_SWIFT_STANDARD_LIBRARIES = YES;
				ASSETCATALOG_COMPILER_APPICON_NAME = AppIcon;
				DEVELOPMENT_TEAM = Y2XN2Z2HA2;
				INFOPLIST_FILE = AdvancedUIKitHost/Info.plist;
				LD_RUNPATH_SEARCH_PATHS = "$(inherited) @executable_path/Frameworks";
				PRODUCT_BUNDLE_IDENTIFIER = com.adamas.uikitHost;
				PRODUCT_NAME = "$(TARGET_NAME)";
				SWIFT_VERSION = 3.0;
				TARGETED_DEVICE_FAMILY = "1,2";
			};
			name = Release;
		};
		422DB4241EAA3CF100377AB5 /* Debug */ = {
			isa = XCBuildConfiguration;
			baseConfigurationReference = 4FD9269D2C60EB827C9515A3 /* Pods-AdvancedUIKitTests.debug.xcconfig */;
			buildSettings = {
				ALWAYS_EMBED_SWIFT_STANDARD_LIBRARIES = "$(inherited)";
				CLANG_ENABLE_MODULES = YES;
				DEVELOPMENT_TEAM = XN66S2NA25;
				INFOPLIST_FILE = AdvancedUIKitTests/Info.plist;
				LD_RUNPATH_SEARCH_PATHS = "$(inherited) @executable_path/Frameworks @loader_path/Frameworks";
				PRODUCT_BUNDLE_IDENTIFIER = com.adamas.AdvancedUIKitHostUITests;
				PRODUCT_NAME = "$(TARGET_NAME)";
				SWIFT_OPTIMIZATION_LEVEL = "-Onone";
				SWIFT_VERSION = 3.0;
				TEST_TARGET_NAME = AdvancedUIKitHost;
			};
			name = Debug;
		};
		422DB4251EAA3CF100377AB5 /* Release */ = {
			isa = XCBuildConfiguration;
			baseConfigurationReference = F0CF1A07C94DBA7B81364EAC /* Pods-AdvancedUIKitTests.release.xcconfig */;
			buildSettings = {
				ALWAYS_EMBED_SWIFT_STANDARD_LIBRARIES = "$(inherited)";
				CLANG_ENABLE_MODULES = YES;
				DEVELOPMENT_TEAM = XN66S2NA25;
				INFOPLIST_FILE = AdvancedUIKitTests/Info.plist;
				LD_RUNPATH_SEARCH_PATHS = "$(inherited) @executable_path/Frameworks @loader_path/Frameworks";
				PRODUCT_BUNDLE_IDENTIFIER = com.adamas.AdvancedUIKitHostUITests;
				PRODUCT_NAME = "$(TARGET_NAME)";
				SWIFT_VERSION = 3.0;
				TEST_TARGET_NAME = AdvancedUIKitHost;
			};
			name = Release;
		};
/* End XCBuildConfiguration section */

/* Begin XCConfigurationList section */
		422DB3BE1EAA30B300377AB5 /* Build configuration list for PBXProject "AdvancedUIKit" */ = {
			isa = XCConfigurationList;
			buildConfigurations = (
				422DB3D61EAA30B300377AB5 /* Debug */,
				422DB3D71EAA30B300377AB5 /* Release */,
			);
			defaultConfigurationIsVisible = 0;
			defaultConfigurationName = Release;
		};
		422DB3D81EAA30B300377AB5 /* Build configuration list for PBXNativeTarget "AdvancedUIKit" */ = {
			isa = XCConfigurationList;
			buildConfigurations = (
				422DB3D91EAA30B300377AB5 /* Debug */,
				422DB3DA1EAA30B300377AB5 /* Release */,
			);
			defaultConfigurationIsVisible = 0;
			defaultConfigurationName = Release;
		};
		422DB4201EAA3CF100377AB5 /* Build configuration list for PBXNativeTarget "AdvancedUIKitHost" */ = {
			isa = XCConfigurationList;
			buildConfigurations = (
				422DB4211EAA3CF100377AB5 /* Debug */,
				422DB4221EAA3CF100377AB5 /* Release */,
			);
			defaultConfigurationIsVisible = 0;
			defaultConfigurationName = Release;
		};
		422DB4231EAA3CF100377AB5 /* Build configuration list for PBXNativeTarget "AdvancedUIKitTests" */ = {
			isa = XCConfigurationList;
			buildConfigurations = (
				422DB4241EAA3CF100377AB5 /* Debug */,
				422DB4251EAA3CF100377AB5 /* Release */,
			);
			defaultConfigurationIsVisible = 0;
			defaultConfigurationName = Release;
		};
/* End XCConfigurationList section */
	};
	rootObject = 422DB3BB1EAA30B300377AB5 /* Project object */;
}
